// !$*UTF8*$!
{
	archiveVersion = 1;
	classes = {
	};
	objectVersion = 56;
	objects = {

/* Begin PBXBuildFile section */
		1FF4607B29C8E8720026F680 /* AppDelegate.swift in Sources */ = {isa = PBXBuildFile; fileRef = 1FF4607A29C8E8720026F680 /* AppDelegate.swift */; };
		1FF4607D29C8E8720026F680 /* SceneDelegate.swift in Sources */ = {isa = PBXBuildFile; fileRef = 1FF4607C29C8E8720026F680 /* SceneDelegate.swift */; };
		1FF4608429C8E8740026F680 /* Assets.xcassets in Resources */ = {isa = PBXBuildFile; fileRef = 1FF4608329C8E8740026F680 /* Assets.xcassets */; };
		1FF4608729C8E8740026F680 /* LaunchScreen.storyboard in Resources */ = {isa = PBXBuildFile; fileRef = 1FF4608529C8E8740026F680 /* LaunchScreen.storyboard */; };
		C92A8C6929D73D42006FB790 /* ControlEvent.swift in Sources */ = {isa = PBXBuildFile; fileRef = C92A8C6829D73D42006FB790 /* ControlEvent.swift */; };
		C92A8C6B29D73D50006FB790 /* ControlPublisher.swift in Sources */ = {isa = PBXBuildFile; fileRef = C92A8C6A29D73D50006FB790 /* ControlPublisher.swift */; };
		C92A8C6D29D73D62006FB790 /* ControlSubscription.swift in Sources */ = {isa = PBXBuildFile; fileRef = C92A8C6C29D73D62006FB790 /* ControlSubscription.swift */; };
		C92A8C6F29D73E08006FB790 /* AccessAccountCordinator.swift in Sources */ = {isa = PBXBuildFile; fileRef = C92A8C6E29D73E08006FB790 /* AccessAccountCordinator.swift */; };
		C92A8C7129D7465E006FB790 /* CreateAccountViewController.swift in Sources */ = {isa = PBXBuildFile; fileRef = C92A8C7029D7465E006FB790 /* CreateAccountViewController.swift */; };
		C92A8C7329D74670006FB790 /* ForgotPasswordViewController.swift in Sources */ = {isa = PBXBuildFile; fileRef = C92A8C7229D74670006FB790 /* ForgotPasswordViewController.swift */; };
		C94A240229CE45B400C71D01 /* AccessAccountViewModel.swift in Sources */ = {isa = PBXBuildFile; fileRef = C94A240129CE45B400C71D01 /* AccessAccountViewModel.swift */; };
		C94A240529CE48D800C71D01 /* CreateAccountVM.swift in Sources */ = {isa = PBXBuildFile; fileRef = C94A240429CE48D800C71D01 /* CreateAccountVM.swift */; };
		C94A240829CE491E00C71D01 /* HomeViewController.swift in Sources */ = {isa = PBXBuildFile; fileRef = C94A240629CE491E00C71D01 /* HomeViewController.swift */; };
		C94A240929CE491E00C71D01 /* HomeViewController.xib in Resources */ = {isa = PBXBuildFile; fileRef = C94A240729CE491E00C71D01 /* HomeViewController.xib */; };
		C94A240B29CE494D00C71D01 /* UserModel.swift in Sources */ = {isa = PBXBuildFile; fileRef = C94A240A29CE494D00C71D01 /* UserModel.swift */; };
		C94A240D29CE496300C71D01 /* ForgotPasswordVM.swift in Sources */ = {isa = PBXBuildFile; fileRef = C94A240C29CE496300C71D01 /* ForgotPasswordVM.swift */; };
		C978BA1B29DBA41100090455 /* BaseTextField.swift in Sources */ = {isa = PBXBuildFile; fileRef = C978BA1A29DBA41100090455 /* BaseTextField.swift */; };
		C978BA1D29DBA4CD00090455 /* BaseTextField.xib in Resources */ = {isa = PBXBuildFile; fileRef = C978BA1C29DBA4CD00090455 /* BaseTextField.xib */; };
		C97AEE0229D11FBC00C22BDC /* AlertView.swift in Sources */ = {isa = PBXBuildFile; fileRef = C97AEE0129D11FBC00C22BDC /* AlertView.swift */; };
		C9817D0029CFB11B009029D6 /* AccessAccountViewController.swift in Sources */ = {isa = PBXBuildFile; fileRef = C9817CFE29CFB11B009029D6 /* AccessAccountViewController.swift */; };
		C9817D0129CFB11B009029D6 /* AccessAccountViewController.xib in Resources */ = {isa = PBXBuildFile; fileRef = C9817CFF29CFB11B009029D6 /* AccessAccountViewController.xib */; };
		C989ACA029D4D80C00057421 /* UserResponse.swift in Sources */ = {isa = PBXBuildFile; fileRef = C989AC9F29D4D80C00057421 /* UserResponse.swift */; };
		C989ACA229D4DB9E00057421 /* AuthenticationService.swift in Sources */ = {isa = PBXBuildFile; fileRef = C989ACA129D4DB9E00057421 /* AuthenticationService.swift */; };
		C98CBCC529D3797D001594FD /* UIView.swift in Sources */ = {isa = PBXBuildFile; fileRef = C98CBCC429D3797D001594FD /* UIView.swift */; };
		C98CBCC829D38D32001594FD /* Extension+UIViewController.swift in Sources */ = {isa = PBXBuildFile; fileRef = C98CBCC729D38D32001594FD /* Extension+UIViewController.swift */; };
/* End PBXBuildFile section */

/* Begin PBXFileReference section */
		1FF4607729C8E8720026F680 /* petJournal.app */ = {isa = PBXFileReference; explicitFileType = wrapper.application; includeInIndex = 0; path = petJournal.app; sourceTree = BUILT_PRODUCTS_DIR; };
		1FF4607A29C8E8720026F680 /* AppDelegate.swift */ = {isa = PBXFileReference; lastKnownFileType = sourcecode.swift; path = AppDelegate.swift; sourceTree = "<group>"; };
		1FF4607C29C8E8720026F680 /* SceneDelegate.swift */ = {isa = PBXFileReference; lastKnownFileType = sourcecode.swift; path = SceneDelegate.swift; sourceTree = "<group>"; };
		1FF4608329C8E8740026F680 /* Assets.xcassets */ = {isa = PBXFileReference; lastKnownFileType = folder.assetcatalog; path = Assets.xcassets; sourceTree = "<group>"; };
		1FF4608629C8E8740026F680 /* Base */ = {isa = PBXFileReference; lastKnownFileType = file.storyboard; name = Base; path = Base.lproj/LaunchScreen.storyboard; sourceTree = "<group>"; };
		1FF4608829C8E8740026F680 /* Info.plist */ = {isa = PBXFileReference; lastKnownFileType = text.plist.xml; path = Info.plist; sourceTree = "<group>"; };
		C92A8C6829D73D42006FB790 /* ControlEvent.swift */ = {isa = PBXFileReference; lastKnownFileType = sourcecode.swift; path = ControlEvent.swift; sourceTree = "<group>"; };
		C92A8C6A29D73D50006FB790 /* ControlPublisher.swift */ = {isa = PBXFileReference; lastKnownFileType = sourcecode.swift; path = ControlPublisher.swift; sourceTree = "<group>"; };
		C92A8C6C29D73D62006FB790 /* ControlSubscription.swift */ = {isa = PBXFileReference; lastKnownFileType = sourcecode.swift; path = ControlSubscription.swift; sourceTree = "<group>"; };
		C92A8C6E29D73E08006FB790 /* AccessAccountCordinator.swift */ = {isa = PBXFileReference; lastKnownFileType = sourcecode.swift; path = AccessAccountCordinator.swift; sourceTree = "<group>"; };
		C92A8C7029D7465E006FB790 /* CreateAccountViewController.swift */ = {isa = PBXFileReference; lastKnownFileType = sourcecode.swift; path = CreateAccountViewController.swift; sourceTree = "<group>"; };
		C92A8C7229D74670006FB790 /* ForgotPasswordViewController.swift */ = {isa = PBXFileReference; lastKnownFileType = sourcecode.swift; path = ForgotPasswordViewController.swift; sourceTree = "<group>"; };
		C94A240129CE45B400C71D01 /* AccessAccountViewModel.swift */ = {isa = PBXFileReference; lastKnownFileType = sourcecode.swift; path = AccessAccountViewModel.swift; sourceTree = "<group>"; };
		C94A240429CE48D800C71D01 /* CreateAccountVM.swift */ = {isa = PBXFileReference; lastKnownFileType = sourcecode.swift; path = CreateAccountVM.swift; sourceTree = "<group>"; };
		C94A240629CE491E00C71D01 /* HomeViewController.swift */ = {isa = PBXFileReference; lastKnownFileType = sourcecode.swift; path = HomeViewController.swift; sourceTree = "<group>"; };
		C94A240729CE491E00C71D01 /* HomeViewController.xib */ = {isa = PBXFileReference; lastKnownFileType = file.xib; path = HomeViewController.xib; sourceTree = "<group>"; };
		C94A240A29CE494D00C71D01 /* UserModel.swift */ = {isa = PBXFileReference; lastKnownFileType = sourcecode.swift; path = UserModel.swift; sourceTree = "<group>"; };
		C94A240C29CE496300C71D01 /* ForgotPasswordVM.swift */ = {isa = PBXFileReference; lastKnownFileType = sourcecode.swift; path = ForgotPasswordVM.swift; sourceTree = "<group>"; };
		C978BA1A29DBA41100090455 /* BaseTextField.swift */ = {isa = PBXFileReference; lastKnownFileType = sourcecode.swift; path = BaseTextField.swift; sourceTree = "<group>"; };
		C978BA1C29DBA4CD00090455 /* BaseTextField.xib */ = {isa = PBXFileReference; lastKnownFileType = file.xib; path = BaseTextField.xib; sourceTree = "<group>"; };
		C97AEE0129D11FBC00C22BDC /* AlertView.swift */ = {isa = PBXFileReference; lastKnownFileType = sourcecode.swift; path = AlertView.swift; sourceTree = "<group>"; };
		C9817CFE29CFB11B009029D6 /* AccessAccountViewController.swift */ = {isa = PBXFileReference; lastKnownFileType = sourcecode.swift; path = AccessAccountViewController.swift; sourceTree = "<group>"; };
		C9817CFF29CFB11B009029D6 /* AccessAccountViewController.xib */ = {isa = PBXFileReference; lastKnownFileType = file.xib; path = AccessAccountViewController.xib; sourceTree = "<group>"; };
		C989AC9F29D4D80C00057421 /* UserResponse.swift */ = {isa = PBXFileReference; lastKnownFileType = sourcecode.swift; path = UserResponse.swift; sourceTree = "<group>"; };
		C989ACA129D4DB9E00057421 /* AuthenticationService.swift */ = {isa = PBXFileReference; lastKnownFileType = sourcecode.swift; path = AuthenticationService.swift; sourceTree = "<group>"; };
		C98CBCC429D3797D001594FD /* UIView.swift */ = {isa = PBXFileReference; lastKnownFileType = sourcecode.swift; path = UIView.swift; sourceTree = "<group>"; };
		C98CBCC729D38D32001594FD /* Extension+UIViewController.swift */ = {isa = PBXFileReference; lastKnownFileType = sourcecode.swift; path = "Extension+UIViewController.swift"; sourceTree = "<group>"; };
/* End PBXFileReference section */

/* Begin PBXFrameworksBuildPhase section */
		1FF4607429C8E8720026F680 /* Frameworks */ = {
			isa = PBXFrameworksBuildPhase;
			buildActionMask = 2147483647;
			files = (
			);
			runOnlyForDeploymentPostprocessing = 0;
		};
/* End PBXFrameworksBuildPhase section */

/* Begin PBXGroup section */
		1FF4606E29C8E8720026F680 = {
			isa = PBXGroup;
			children = (
				1FF4607929C8E8720026F680 /* petJournal */,
				1FF4607829C8E8720026F680 /* Products */,
			);
			sourceTree = "<group>";
		};
		1FF4607829C8E8720026F680 /* Products */ = {
			isa = PBXGroup;
			children = (
				1FF4607729C8E8720026F680 /* petJournal.app */,
			);
			name = Products;
			sourceTree = "<group>";
		};
		1FF4607929C8E8720026F680 /* petJournal */ = {
			isa = PBXGroup;
			children = (
				C989AC9E29D4D4D700057421 /* Services */,
				1FF4609129C8EA0C0026F680 /* Resources */,
				1FF4609029C8EA020026F680 /* Sources */,
				1FF4608F29C8E9E30026F680 /* Commons */,
				1FF4608E29C8E9CF0026F680 /* Features */,
			);
			path = petJournal;
			sourceTree = "<group>";
		};
		1FF4608E29C8E9CF0026F680 /* Features */ = {
			isa = PBXGroup;
			children = (
				C94A23F829CE231C00C71D01 /* Auth */,
				C94A23F629CE22CA00C71D01 /* UnAuthentication */,
			);
			path = Features;
			sourceTree = "<group>";
		};
		1FF4608F29C8E9E30026F680 /* Commons */ = {
			isa = PBXGroup;
			children = (
				C99D743429D51E8D00839A2E /* UIComponents */,
				C98CBCC629D37F21001594FD /* Manager */,
				C98CBCC329D37969001594FD /* Extensions */,
				C97AEE0029D11F8900C22BDC /* SubViews */,
				C94A23F729CE230A00C71D01 /* Models */,
			);
			path = Commons;
			sourceTree = "<group>";
		};
		1FF4609029C8EA020026F680 /* Sources */ = {
			isa = PBXGroup;
			children = (
				C92A8C6729D73D2F006FB790 /* Combine */,
				1FF4607A29C8E8720026F680 /* AppDelegate.swift */,
				1FF4607C29C8E8720026F680 /* SceneDelegate.swift */,
			);
			path = Sources;
			sourceTree = "<group>";
		};
		1FF4609129C8EA0C0026F680 /* Resources */ = {
			isa = PBXGroup;
			children = (
				1FF4608329C8E8740026F680 /* Assets.xcassets */,
				1FF4608529C8E8740026F680 /* LaunchScreen.storyboard */,
				1FF4608829C8E8740026F680 /* Info.plist */,
			);
			name = Resources;
			sourceTree = "<group>";
		};
		C92A8C6729D73D2F006FB790 /* Combine */ = {
			isa = PBXGroup;
			children = (
				C92A8C6829D73D42006FB790 /* ControlEvent.swift */,
				C92A8C6A29D73D50006FB790 /* ControlPublisher.swift */,
				C92A8C6C29D73D62006FB790 /* ControlSubscription.swift */,
			);
			path = Combine;
			sourceTree = "<group>";
		};
		C94A23F629CE22CA00C71D01 /* UnAuthentication */ = {
			isa = PBXGroup;
			children = (
				C94A23FB29CE238400C71D01 /* ForgotPassword */,
				C94A23FA29CE237B00C71D01 /* CreateAccount */,
				C94A23F929CE236C00C71D01 /* AccessAccount */,
			);
			path = UnAuthentication;
			sourceTree = "<group>";
		};
		C94A23F729CE230A00C71D01 /* Models */ = {
			isa = PBXGroup;
			children = (
				C94A240A29CE494D00C71D01 /* UserModel.swift */,
				C989AC9F29D4D80C00057421 /* UserResponse.swift */,
			);
			path = Models;
			sourceTree = "<group>";
		};
		C94A23F829CE231C00C71D01 /* Auth */ = {
			isa = PBXGroup;
			children = (
				C94A23FC29CE239300C71D01 /* Home */,
			);
			path = Auth;
			sourceTree = "<group>";
		};
		C94A23F929CE236C00C71D01 /* AccessAccount */ = {
			isa = PBXGroup;
			children = (
				C94A240129CE45B400C71D01 /* AccessAccountViewModel.swift */,
				C9817CFE29CFB11B009029D6 /* AccessAccountViewController.swift */,
				C9817CFF29CFB11B009029D6 /* AccessAccountViewController.xib */,
				C92A8C6E29D73E08006FB790 /* AccessAccountCordinator.swift */,
			);
			path = AccessAccount;
			sourceTree = "<group>";
		};
		C94A23FA29CE237B00C71D01 /* CreateAccount */ = {
			isa = PBXGroup;
			children = (
				C94A240429CE48D800C71D01 /* CreateAccountVM.swift */,
				C92A8C7029D7465E006FB790 /* CreateAccountViewController.swift */,
			);
			path = CreateAccount;
			sourceTree = "<group>";
		};
		C94A23FB29CE238400C71D01 /* ForgotPassword */ = {
			isa = PBXGroup;
			children = (
				C94A240C29CE496300C71D01 /* ForgotPasswordVM.swift */,
				C92A8C7229D74670006FB790 /* ForgotPasswordViewController.swift */,
			);
			path = ForgotPassword;
			sourceTree = "<group>";
		};
		C94A23FC29CE239300C71D01 /* Home */ = {
			isa = PBXGroup;
			children = (
				C94A240629CE491E00C71D01 /* HomeViewController.swift */,
				C94A240729CE491E00C71D01 /* HomeViewController.xib */,
			);
			path = Home;
			sourceTree = "<group>";
		};
		C97AEE0029D11F8900C22BDC /* SubViews */ = {
			isa = PBXGroup;
			children = (
				C97AEE0129D11FBC00C22BDC /* AlertView.swift */,
			);
			path = SubViews;
			sourceTree = "<group>";
		};
		C989AC9E29D4D4D700057421 /* Services */ = {
			isa = PBXGroup;
			children = (
				C989ACA129D4DB9E00057421 /* AuthenticationService.swift */,
			);
			path = Services;
			sourceTree = "<group>";
		};
		C98CBCC329D37969001594FD /* Extensions */ = {
			isa = PBXGroup;
			children = (
				C98CBCC429D3797D001594FD /* UIView.swift */,
				C98CBCC729D38D32001594FD /* Extension+UIViewController.swift */,
			);
			path = Extensions;
			sourceTree = "<group>";
		};
		C98CBCC629D37F21001594FD /* Manager */ = {
			isa = PBXGroup;
			children = (
			);
			path = Manager;
			sourceTree = "<group>";
		};
		C99D743429D51E8D00839A2E /* UIComponents */ = {
			isa = PBXGroup;
			children = (
				C978BA1A29DBA41100090455 /* BaseTextField.swift */,
				C978BA1C29DBA4CD00090455 /* BaseTextField.xib */,
			);
			path = UIComponents;
			sourceTree = "<group>";
		};
/* End PBXGroup section */

/* Begin PBXNativeTarget section */
		1FF4607629C8E8720026F680 /* petJournal */ = {
			isa = PBXNativeTarget;
			buildConfigurationList = 1FF4608B29C8E8740026F680 /* Build configuration list for PBXNativeTarget "petJournal" */;
			buildPhases = (
				1FF4607329C8E8720026F680 /* Sources */,
				1FF4607429C8E8720026F680 /* Frameworks */,
				1FF4607529C8E8720026F680 /* Resources */,
			);
			buildRules = (
			);
			dependencies = (
			);
			name = petJournal;
			productName = petJournal;
			productReference = 1FF4607729C8E8720026F680 /* petJournal.app */;
			productType = "com.apple.product-type.application";
		};
/* End PBXNativeTarget section */

/* Begin PBXProject section */
		1FF4606F29C8E8720026F680 /* Project object */ = {
			isa = PBXProject;
			attributes = {
				BuildIndependentTargetsInParallel = 1;
				LastSwiftUpdateCheck = 1420;
				LastUpgradeCheck = 1420;
				TargetAttributes = {
					1FF4607629C8E8720026F680 = {
						CreatedOnToolsVersion = 14.2;
					};
				};
			};
			buildConfigurationList = 1FF4607229C8E8720026F680 /* Build configuration list for PBXProject "petJournal" */;
			compatibilityVersion = "Xcode 14.0";
			developmentRegion = en;
			hasScannedForEncodings = 0;
			knownRegions = (
				en,
				Base,
			);
			mainGroup = 1FF4606E29C8E8720026F680;
			productRefGroup = 1FF4607829C8E8720026F680 /* Products */;
			projectDirPath = "";
			projectRoot = "";
			targets = (
				1FF4607629C8E8720026F680 /* petJournal */,
			);
		};
/* End PBXProject section */

/* Begin PBXResourcesBuildPhase section */
		1FF4607529C8E8720026F680 /* Resources */ = {
			isa = PBXResourcesBuildPhase;
			buildActionMask = 2147483647;
			files = (
				C978BA1D29DBA4CD00090455 /* BaseTextField.xib in Resources */,
				1FF4608729C8E8740026F680 /* LaunchScreen.storyboard in Resources */,
				1FF4608429C8E8740026F680 /* Assets.xcassets in Resources */,
				C9817D0129CFB11B009029D6 /* AccessAccountViewController.xib in Resources */,
				C94A240929CE491E00C71D01 /* HomeViewController.xib in Resources */,
			);
			runOnlyForDeploymentPostprocessing = 0;
		};
/* End PBXResourcesBuildPhase section */

/* Begin PBXSourcesBuildPhase section */
		1FF4607329C8E8720026F680 /* Sources */ = {
			isa = PBXSourcesBuildPhase;
			buildActionMask = 2147483647;
			files = (
				C92A8C7129D7465E006FB790 /* CreateAccountViewController.swift in Sources */,
				C94A240D29CE496300C71D01 /* ForgotPasswordVM.swift in Sources */,
				C978BA1B29DBA41100090455 /* BaseTextField.swift in Sources */,
				C989ACA029D4D80C00057421 /* UserResponse.swift in Sources */,
				C92A8C6929D73D42006FB790 /* ControlEvent.swift in Sources */,
				C94A240829CE491E00C71D01 /* HomeViewController.swift in Sources */,
				C92A8C6F29D73E08006FB790 /* AccessAccountCordinator.swift in Sources */,
				C92A8C6D29D73D62006FB790 /* ControlSubscription.swift in Sources */,
				C98CBCC529D3797D001594FD /* UIView.swift in Sources */,
				C92A8C7329D74670006FB790 /* ForgotPasswordViewController.swift in Sources */,
				C94A240529CE48D800C71D01 /* CreateAccountVM.swift in Sources */,
				1FF4607B29C8E8720026F680 /* AppDelegate.swift in Sources */,
				C97AEE0229D11FBC00C22BDC /* AlertView.swift in Sources */,
				1FF4607D29C8E8720026F680 /* SceneDelegate.swift in Sources */,
				C98CBCC829D38D32001594FD /* Extension+UIViewController.swift in Sources */,
				C92A8C6B29D73D50006FB790 /* ControlPublisher.swift in Sources */,
				C94A240B29CE494D00C71D01 /* UserModel.swift in Sources */,
				C9817D0029CFB11B009029D6 /* AccessAccountViewController.swift in Sources */,
				C94A240229CE45B400C71D01 /* AccessAccountViewModel.swift in Sources */,
				C989ACA229D4DB9E00057421 /* AuthenticationService.swift in Sources */,
			);
			runOnlyForDeploymentPostprocessing = 0;
		};
/* End PBXSourcesBuildPhase section */

/* Begin PBXVariantGroup section */
		1FF4608529C8E8740026F680 /* LaunchScreen.storyboard */ = {
			isa = PBXVariantGroup;
			children = (
				1FF4608629C8E8740026F680 /* Base */,
			);
			name = LaunchScreen.storyboard;
			sourceTree = "<group>";
		};
/* End PBXVariantGroup section */

/* Begin XCBuildConfiguration section */
		1FF4608929C8E8740026F680 /* Debug */ = {
			isa = XCBuildConfiguration;
			buildSettings = {
				ALWAYS_SEARCH_USER_PATHS = NO;
				CLANG_ANALYZER_NONNULL = YES;
				CLANG_ANALYZER_NUMBER_OBJECT_CONVERSION = YES_AGGRESSIVE;
				CLANG_CXX_LANGUAGE_STANDARD = "gnu++20";
				CLANG_ENABLE_MODULES = YES;
				CLANG_ENABLE_OBJC_ARC = YES;
				CLANG_ENABLE_OBJC_WEAK = YES;
				CLANG_WARN_BLOCK_CAPTURE_AUTORELEASING = YES;
				CLANG_WARN_BOOL_CONVERSION = YES;
				CLANG_WARN_COMMA = YES;
				CLANG_WARN_CONSTANT_CONVERSION = YES;
				CLANG_WARN_DEPRECATED_OBJC_IMPLEMENTATIONS = YES;
				CLANG_WARN_DIRECT_OBJC_ISA_USAGE = YES_ERROR;
				CLANG_WARN_DOCUMENTATION_COMMENTS = YES;
				CLANG_WARN_EMPTY_BODY = YES;
				CLANG_WARN_ENUM_CONVERSION = YES;
				CLANG_WARN_INFINITE_RECURSION = YES;
				CLANG_WARN_INT_CONVERSION = YES;
				CLANG_WARN_NON_LITERAL_NULL_CONVERSION = YES;
				CLANG_WARN_OBJC_IMPLICIT_RETAIN_SELF = YES;
				CLANG_WARN_OBJC_LITERAL_CONVERSION = YES;
				CLANG_WARN_OBJC_ROOT_CLASS = YES_ERROR;
				CLANG_WARN_QUOTED_INCLUDE_IN_FRAMEWORK_HEADER = YES;
				CLANG_WARN_RANGE_LOOP_ANALYSIS = YES;
				CLANG_WARN_STRICT_PROTOTYPES = YES;
				CLANG_WARN_SUSPICIOUS_MOVE = YES;
				CLANG_WARN_UNGUARDED_AVAILABILITY = YES_AGGRESSIVE;
				CLANG_WARN_UNREACHABLE_CODE = YES;
				CLANG_WARN__DUPLICATE_METHOD_MATCH = YES;
				COPY_PHASE_STRIP = NO;
				DEBUG_INFORMATION_FORMAT = dwarf;
				ENABLE_STRICT_OBJC_MSGSEND = YES;
				ENABLE_TESTABILITY = YES;
				GCC_C_LANGUAGE_STANDARD = gnu11;
				GCC_DYNAMIC_NO_PIC = NO;
				GCC_NO_COMMON_BLOCKS = YES;
				GCC_OPTIMIZATION_LEVEL = 0;
				GCC_PREPROCESSOR_DEFINITIONS = (
					"DEBUG=1",
					"$(inherited)",
				);
				GCC_WARN_64_TO_32_BIT_CONVERSION = YES;
				GCC_WARN_ABOUT_RETURN_TYPE = YES_ERROR;
				GCC_WARN_UNDECLARED_SELECTOR = YES;
				GCC_WARN_UNINITIALIZED_AUTOS = YES_AGGRESSIVE;
				GCC_WARN_UNUSED_FUNCTION = YES;
				GCC_WARN_UNUSED_VARIABLE = YES;
				IPHONEOS_DEPLOYMENT_TARGET = 16.2;
				MTL_ENABLE_DEBUG_INFO = INCLUDE_SOURCE;
				MTL_FAST_MATH = YES;
				ONLY_ACTIVE_ARCH = YES;
				SDKROOT = iphoneos;
				SWIFT_ACTIVE_COMPILATION_CONDITIONS = DEBUG;
				SWIFT_OPTIMIZATION_LEVEL = "-Onone";
			};
			name = Debug;
		};
		1FF4608A29C8E8740026F680 /* Release */ = {
			isa = XCBuildConfiguration;
			buildSettings = {
				ALWAYS_SEARCH_USER_PATHS = NO;
				CLANG_ANALYZER_NONNULL = YES;
				CLANG_ANALYZER_NUMBER_OBJECT_CONVERSION = YES_AGGRESSIVE;
				CLANG_CXX_LANGUAGE_STANDARD = "gnu++20";
				CLANG_ENABLE_MODULES = YES;
				CLANG_ENABLE_OBJC_ARC = YES;
				CLANG_ENABLE_OBJC_WEAK = YES;
				CLANG_WARN_BLOCK_CAPTURE_AUTORELEASING = YES;
				CLANG_WARN_BOOL_CONVERSION = YES;
				CLANG_WARN_COMMA = YES;
				CLANG_WARN_CONSTANT_CONVERSION = YES;
				CLANG_WARN_DEPRECATED_OBJC_IMPLEMENTATIONS = YES;
				CLANG_WARN_DIRECT_OBJC_ISA_USAGE = YES_ERROR;
				CLANG_WARN_DOCUMENTATION_COMMENTS = YES;
				CLANG_WARN_EMPTY_BODY = YES;
				CLANG_WARN_ENUM_CONVERSION = YES;
				CLANG_WARN_INFINITE_RECURSION = YES;
				CLANG_WARN_INT_CONVERSION = YES;
				CLANG_WARN_NON_LITERAL_NULL_CONVERSION = YES;
				CLANG_WARN_OBJC_IMPLICIT_RETAIN_SELF = YES;
				CLANG_WARN_OBJC_LITERAL_CONVERSION = YES;
				CLANG_WARN_OBJC_ROOT_CLASS = YES_ERROR;
				CLANG_WARN_QUOTED_INCLUDE_IN_FRAMEWORK_HEADER = YES;
				CLANG_WARN_RANGE_LOOP_ANALYSIS = YES;
				CLANG_WARN_STRICT_PROTOTYPES = YES;
				CLANG_WARN_SUSPICIOUS_MOVE = YES;
				CLANG_WARN_UNGUARDED_AVAILABILITY = YES_AGGRESSIVE;
				CLANG_WARN_UNREACHABLE_CODE = YES;
				CLANG_WARN__DUPLICATE_METHOD_MATCH = YES;
				COPY_PHASE_STRIP = NO;
				DEBUG_INFORMATION_FORMAT = "dwarf-with-dsym";
				ENABLE_NS_ASSERTIONS = NO;
				ENABLE_STRICT_OBJC_MSGSEND = YES;
				GCC_C_LANGUAGE_STANDARD = gnu11;
				GCC_NO_COMMON_BLOCKS = YES;
				GCC_WARN_64_TO_32_BIT_CONVERSION = YES;
				GCC_WARN_ABOUT_RETURN_TYPE = YES_ERROR;
				GCC_WARN_UNDECLARED_SELECTOR = YES;
				GCC_WARN_UNINITIALIZED_AUTOS = YES_AGGRESSIVE;
				GCC_WARN_UNUSED_FUNCTION = YES;
				GCC_WARN_UNUSED_VARIABLE = YES;
				IPHONEOS_DEPLOYMENT_TARGET = 16.2;
				MTL_ENABLE_DEBUG_INFO = NO;
				MTL_FAST_MATH = YES;
				SDKROOT = iphoneos;
				SWIFT_COMPILATION_MODE = wholemodule;
				SWIFT_OPTIMIZATION_LEVEL = "-O";
				VALIDATE_PRODUCT = YES;
			};
			name = Release;
		};
		1FF4608C29C8E8740026F680 /* Debug */ = {
			isa = XCBuildConfiguration;
			buildSettings = {
				ASSETCATALOG_COMPILER_APPICON_NAME = AppIcon;
				ASSETCATALOG_COMPILER_GLOBAL_ACCENT_COLOR_NAME = AccentColor;
				CODE_SIGN_STYLE = Automatic;
				CURRENT_PROJECT_VERSION = 1;
				GENERATE_INFOPLIST_FILE = YES;
				INFOPLIST_FILE = petJournal/Info.plist;
				INFOPLIST_KEY_UIApplicationSupportsIndirectInputEvents = YES;
				INFOPLIST_KEY_UILaunchStoryboardName = LaunchScreen;
				INFOPLIST_KEY_UIMainStoryboardFile = "";
				INFOPLIST_KEY_UISupportedInterfaceOrientations = UIInterfaceOrientationPortrait;
				IPHONEOS_DEPLOYMENT_TARGET = 13.0;
				LD_RUNPATH_SEARCH_PATHS = (
					"$(inherited)",
					"@executable_path/Frameworks",
				);
				MARKETING_VERSION = 1.0;
				PRODUCT_BUNDLE_IDENTIFIER = petJournal.petJournal;
				PRODUCT_NAME = "$(TARGET_NAME)";
				SUPPORTED_PLATFORMS = "iphoneos iphonesimulator";
				SUPPORTS_MACCATALYST = NO;
				SUPPORTS_MAC_DESIGNED_FOR_IPHONE_IPAD = NO;
				SWIFT_EMIT_LOC_STRINGS = YES;
				SWIFT_VERSION = 5.0;
				TARGETED_DEVICE_FAMILY = "1,2";
			};
			name = Debug;
		};
		1FF4608D29C8E8740026F680 /* Release */ = {
			isa = XCBuildConfiguration;
			buildSettings = {
				ASSETCATALOG_COMPILER_APPICON_NAME = AppIcon;
				ASSETCATALOG_COMPILER_GLOBAL_ACCENT_COLOR_NAME = AccentColor;
				CODE_SIGN_STYLE = Automatic;
				CURRENT_PROJECT_VERSION = 1;
				GENERATE_INFOPLIST_FILE = YES;
				INFOPLIST_FILE = petJournal/Info.plist;
				INFOPLIST_KEY_UIApplicationSupportsIndirectInputEvents = YES;
				INFOPLIST_KEY_UILaunchStoryboardName = LaunchScreen;
				INFOPLIST_KEY_UIMainStoryboardFile = "";
				INFOPLIST_KEY_UISupportedInterfaceOrientations = UIInterfaceOrientationPortrait;
				IPHONEOS_DEPLOYMENT_TARGET = 13.0;
				LD_RUNPATH_SEARCH_PATHS = (
					"$(inherited)",
					"@executable_path/Frameworks",
				);
				MARKETING_VERSION = 1.0;
				PRODUCT_BUNDLE_IDENTIFIER = petJournal.petJournal;
				PRODUCT_NAME = "$(TARGET_NAME)";
				SUPPORTED_PLATFORMS = "iphoneos iphonesimulator";
				SUPPORTS_MACCATALYST = NO;
				SUPPORTS_MAC_DESIGNED_FOR_IPHONE_IPAD = NO;
				SWIFT_EMIT_LOC_STRINGS = YES;
				SWIFT_VERSION = 5.0;
				TARGETED_DEVICE_FAMILY = "1,2";
			};
			name = Release;
		};
/* End XCBuildConfiguration section */

/* Begin XCConfigurationList section */
		1FF4607229C8E8720026F680 /* Build configuration list for PBXProject "petJournal" */ = {
			isa = XCConfigurationList;
			buildConfigurations = (
				1FF4608929C8E8740026F680 /* Debug */,
				1FF4608A29C8E8740026F680 /* Release */,
			);
			defaultConfigurationIsVisible = 0;
			defaultConfigurationName = Release;
		};
		1FF4608B29C8E8740026F680 /* Build configuration list for PBXNativeTarget "petJournal" */ = {
			isa = XCConfigurationList;
			buildConfigurations = (
				1FF4608C29C8E8740026F680 /* Debug */,
				1FF4608D29C8E8740026F680 /* Release */,
			);
			defaultConfigurationIsVisible = 0;
			defaultConfigurationName = Release;
		};
/* End XCConfigurationList section */
	};
	rootObject = 1FF4606F29C8E8720026F680 /* Project object */;
}
