// !$*UTF8*$!
{
	archiveVersion = 1;
	classes = {
	};
	objectVersion = 56;
	objects = {

/* Begin PBXBuildFile section */
		1FF4607B29C8E8720026F680 /* AppDelegate.swift in Sources */ = {isa = PBXBuildFile; fileRef = 1FF4607A29C8E8720026F680 /* AppDelegate.swift */; };
		1FF4607D29C8E8720026F680 /* SceneDelegate.swift in Sources */ = {isa = PBXBuildFile; fileRef = 1FF4607C29C8E8720026F680 /* SceneDelegate.swift */; };
		1FF4608429C8E8740026F680 /* Assets.xcassets in Resources */ = {isa = PBXBuildFile; fileRef = 1FF4608329C8E8740026F680 /* Assets.xcassets */; };
		1FF4608729C8E8740026F680 /* LaunchScreen.storyboard in Resources */ = {isa = PBXBuildFile; fileRef = 1FF4608529C8E8740026F680 /* LaunchScreen.storyboard */; };
		1FF4609429C8ECDE0026F680 /* LoginViewController.swift in Sources */ = {isa = PBXBuildFile; fileRef = 1FF4609229C8ECDE0026F680 /* LoginViewController.swift */; };
		1FF4609529C8ECDE0026F680 /* LoginViewController.xib in Resources */ = {isa = PBXBuildFile; fileRef = 1FF4609329C8ECDE0026F680 /* LoginViewController.xib */; };
		C9A17F8B29CDB52800BEE7F6 /* CreateAccountViewController.swift in Sources */ = {isa = PBXBuildFile; fileRef = C9A17F8929CDB52800BEE7F6 /* CreateAccountViewController.swift */; };
		C9A17F8C29CDB52900BEE7F6 /* CreateAccountViewController.xib in Resources */ = {isa = PBXBuildFile; fileRef = C9A17F8A29CDB52800BEE7F6 /* CreateAccountViewController.xib */; };
/* End PBXBuildFile section */

/* Begin PBXFileReference section */
		1FF4607729C8E8720026F680 /* petJournal.app */ = {isa = PBXFileReference; explicitFileType = wrapper.application; includeInIndex = 0; path = petJournal.app; sourceTree = BUILT_PRODUCTS_DIR; };
		1FF4607A29C8E8720026F680 /* AppDelegate.swift */ = {isa = PBXFileReference; lastKnownFileType = sourcecode.swift; path = AppDelegate.swift; sourceTree = "<group>"; };
		1FF4607C29C8E8720026F680 /* SceneDelegate.swift */ = {isa = PBXFileReference; lastKnownFileType = sourcecode.swift; path = SceneDelegate.swift; sourceTree = "<group>"; };
		1FF4608329C8E8740026F680 /* Assets.xcassets */ = {isa = PBXFileReference; lastKnownFileType = folder.assetcatalog; path = Assets.xcassets; sourceTree = "<group>"; };
		1FF4608629C8E8740026F680 /* Base */ = {isa = PBXFileReference; lastKnownFileType = file.storyboard; name = Base; path = Base.lproj/LaunchScreen.storyboard; sourceTree = "<group>"; };
		1FF4608829C8E8740026F680 /* Info.plist */ = {isa = PBXFileReference; lastKnownFileType = text.plist.xml; path = Info.plist; sourceTree = "<group>"; };
		1FF4609229C8ECDE0026F680 /* LoginViewController.swift */ = {isa = PBXFileReference; lastKnownFileType = sourcecode.swift; path = LoginViewController.swift; sourceTree = "<group>"; };
		1FF4609329C8ECDE0026F680 /* LoginViewController.xib */ = {isa = PBXFileReference; lastKnownFileType = file.xib; path = LoginViewController.xib; sourceTree = "<group>"; };
		C9A17F8929CDB52800BEE7F6 /* CreateAccountViewController.swift */ = {isa = PBXFileReference; lastKnownFileType = sourcecode.swift; path = CreateAccountViewController.swift; sourceTree = "<group>"; };
		C9A17F8A29CDB52800BEE7F6 /* CreateAccountViewController.xib */ = {isa = PBXFileReference; lastKnownFileType = file.xib; path = CreateAccountViewController.xib; sourceTree = "<group>"; };
/* End PBXFileReference section */

/* Begin PBXFrameworksBuildPhase section */
		1FF4607429C8E8720026F680 /* Frameworks */ = {
			isa = PBXFrameworksBuildPhase;
			buildActionMask = 2147483647;
			files = (
			);
			runOnlyForDeploymentPostprocessing = 0;
		};
/* End PBXFrameworksBuildPhase section */

/* Begin PBXGroup section */
		1FF4606E29C8E8720026F680 = {
			isa = PBXGroup;
			children = (
				1FF4607929C8E8720026F680 /* petJournal */,
				1FF4607829C8E8720026F680 /* Products */,
			);
			sourceTree = "<group>";
		};
		1FF4607829C8E8720026F680 /* Products */ = {
			isa = PBXGroup;
			children = (
				1FF4607729C8E8720026F680 /* petJournal.app */,
			);
			name = Products;
			sourceTree = "<group>";
		};
		1FF4607929C8E8720026F680 /* petJournal */ = {
			isa = PBXGroup;
			children = (
				1FF4609129C8EA0C0026F680 /* Resources */,
				1FF4609029C8EA020026F680 /* Sources */,
				1FF4608F29C8E9E30026F680 /* Commons */,
				1FF4608E29C8E9CF0026F680 /* Features */,
			);
			path = petJournal;
			sourceTree = "<group>";
		};
		1FF4608E29C8E9CF0026F680 /* Features */ = {
			isa = PBXGroup;
			children = (
				C9A17F8529CDB46B00BEE7F6 /* Authentication */,
				C9A17F8429CDB45E00BEE7F6 /* NonAuthentication */,
			);
			path = Features;
			sourceTree = "<group>";
		};
		1FF4608F29C8E9E30026F680 /* Commons */ = {
			isa = PBXGroup;
			children = (
			);
			path = Commons;
			sourceTree = "<group>";
		};
		1FF4609029C8EA020026F680 /* Sources */ = {
			isa = PBXGroup;
			children = (
				1FF4607A29C8E8720026F680 /* AppDelegate.swift */,
				1FF4607C29C8E8720026F680 /* SceneDelegate.swift */,
			);
			path = Sources;
			sourceTree = "<group>";
		};
		1FF4609129C8EA0C0026F680 /* Resources */ = {
			isa = PBXGroup;
			children = (
				1FF4608329C8E8740026F680 /* Assets.xcassets */,
				1FF4608529C8E8740026F680 /* LaunchScreen.storyboard */,
				1FF4608829C8E8740026F680 /* Info.plist */,
			);
			name = Resources;
			sourceTree = "<group>";
		};
		C9A17F8429CDB45E00BEE7F6 /* NonAuthentication */ = {
			isa = PBXGroup;
			children = (
				C9A17F8829CDB48C00BEE7F6 /* ForgotPassword */,
				C9A17F8729CDB48400BEE7F6 /* AccessAccount */,
				C9A17F8629CDB47600BEE7F6 /* CreateAccount */,
			);
			path = NonAuthentication;
			sourceTree = "<group>";
		};
		C9A17F8529CDB46B00BEE7F6 /* Authentication */ = {
			isa = PBXGroup;
			children = (
			);
			path = Authentication;
			sourceTree = "<group>";
		};
		C9A17F8629CDB47600BEE7F6 /* CreateAccount */ = {
			isa = PBXGroup;
			children = (
				C9A17F8929CDB52800BEE7F6 /* CreateAccountViewController.swift */,
				C9A17F8A29CDB52800BEE7F6 /* CreateAccountViewController.xib */,
			);
			path = CreateAccount;
			sourceTree = "<group>";
		};
		C9A17F8729CDB48400BEE7F6 /* AccessAccount */ = {
			isa = PBXGroup;
			children = (
				1FF4609229C8ECDE0026F680 /* LoginViewController.swift */,
				1FF4609329C8ECDE0026F680 /* LoginViewController.xib */,
			);
			path = AccessAccount;
			sourceTree = "<group>";
		};
		C9A17F8829CDB48C00BEE7F6 /* ForgotPassword */ = {
			isa = PBXGroup;
			children = (
			);
			path = ForgotPassword;
			sourceTree = "<group>";
		};
/* End PBXGroup section */

/* Begin PBXNativeTarget section */
		1FF4607629C8E8720026F680 /* petJournal */ = {
			isa = PBXNativeTarget;
			buildConfigurationList = 1FF4608B29C8E8740026F680 /* Build configuration list for PBXNativeTarget "petJournal" */;
			buildPhases = (
				1FF4607329C8E8720026F680 /* Sources */,
				1FF4607429C8E8720026F680 /* Frameworks */,
				1FF4607529C8E8720026F680 /* Resources */,
			);
			buildRules = (
			);
			dependencies = (
			);
			name = petJournal;
			productName = petJournal;
			productReference = 1FF4607729C8E8720026F680 /* petJournal.app */;
			productType = "com.apple.product-type.application";
		};
/* End PBXNativeTarget section */

/* Begin PBXProject section */
		1FF4606F29C8E8720026F680 /* Project object */ = {
			isa = PBXProject;
			attributes = {
				BuildIndependentTargetsInParallel = 1;
				LastSwiftUpdateCheck = 1420;
				LastUpgradeCheck = 1420;
				TargetAttributes = {
					1FF4607629C8E8720026F680 = {
						CreatedOnToolsVersion = 14.2;
					};
				};
			};
			buildConfigurationList = 1FF4607229C8E8720026F680 /* Build configuration list for PBXProject "petJournal" */;
			compatibilityVersion = "Xcode 14.0";
			developmentRegion = en;
			hasScannedForEncodings = 0;
			knownRegions = (
				en,
				Base,
			);
			mainGroup = 1FF4606E29C8E8720026F680;
			productRefGroup = 1FF4607829C8E8720026F680 /* Products */;
			projectDirPath = "";
			projectRoot = "";
			targets = (
				1FF4607629C8E8720026F680 /* petJournal */,
			);
		};
/* End PBXProject section */

/* Begin PBXResourcesBuildPhase section */
		1FF4607529C8E8720026F680 /* Resources */ = {
			isa = PBXResourcesBuildPhase;
			buildActionMask = 2147483647;
			files = (
				C9A17F8C29CDB52900BEE7F6 /* CreateAccountViewController.xib in Resources */,
				1FF4609529C8ECDE0026F680 /* LoginViewController.xib in Resources */,
				1FF4608729C8E8740026F680 /* LaunchScreen.storyboard in Resources */,
				1FF4608429C8E8740026F680 /* Assets.xcassets in Resources */,
			);
			runOnlyForDeploymentPostprocessing = 0;
		};
/* End PBXResourcesBuildPhase section */

/* Begin PBXSourcesBuildPhase section */
		1FF4607329C8E8720026F680 /* Sources */ = {
			isa = PBXSourcesBuildPhase;
			buildActionMask = 2147483647;
			files = (
				C9A17F8B29CDB52800BEE7F6 /* CreateAccountViewController.swift in Sources */,
				1FF4609429C8ECDE0026F680 /* LoginViewController.swift in Sources */,
				1FF4607B29C8E8720026F680 /* AppDelegate.swift in Sources */,
				1FF4607D29C8E8720026F680 /* SceneDelegate.swift in Sources */,
			);
			runOnlyForDeploymentPostprocessing = 0;
		};
/* End PBXSourcesBuildPhase section */

/* Begin PBXVariantGroup section */
		1FF4608529C8E8740026F680 /* LaunchScreen.storyboard */ = {
			isa = PBXVariantGroup;
			children = (
				1FF4608629C8E8740026F680 /* Base */,
			);
			name = LaunchScreen.storyboard;
			sourceTree = "<group>";
		};
/* End PBXVariantGroup section */

/* Begin XCBuildConfiguration section */
		1FF4608929C8E8740026F680 /* Debug */ = {
			isa = XCBuildConfiguration;
			buildSettings = {
				ALWAYS_SEARCH_USER_PATHS = NO;
				CLANG_ANALYZER_NONNULL = YES;
				CLANG_ANALYZER_NUMBER_OBJECT_CONVERSION = YES_AGGRESSIVE;
				CLANG_CXX_LANGUAGE_STANDARD = "gnu++20";
				CLANG_ENABLE_MODULES = YES;
				CLANG_ENABLE_OBJC_ARC = YES;
				CLANG_ENABLE_OBJC_WEAK = YES;
				CLANG_WARN_BLOCK_CAPTURE_AUTORELEASING = YES;
				CLANG_WARN_BOOL_CONVERSION = YES;
				CLANG_WARN_COMMA = YES;
				CLANG_WARN_CONSTANT_CONVERSION = YES;
				CLANG_WARN_DEPRECATED_OBJC_IMPLEMENTATIONS = YES;
				CLANG_WARN_DIRECT_OBJC_ISA_USAGE = YES_ERROR;
				CLANG_WARN_DOCUMENTATION_COMMENTS = YES;
				CLANG_WARN_EMPTY_BODY = YES;
				CLANG_WARN_ENUM_CONVERSION = YES;
				CLANG_WARN_INFINITE_RECURSION = YES;
				CLANG_WARN_INT_CONVERSION = YES;
				CLANG_WARN_NON_LITERAL_NULL_CONVERSION = YES;
				CLANG_WARN_OBJC_IMPLICIT_RETAIN_SELF = YES;
				CLANG_WARN_OBJC_LITERAL_CONVERSION = YES;
				CLANG_WARN_OBJC_ROOT_CLASS = YES_ERROR;
				CLANG_WARN_QUOTED_INCLUDE_IN_FRAMEWORK_HEADER = YES;
				CLANG_WARN_RANGE_LOOP_ANALYSIS = YES;
				CLANG_WARN_STRICT_PROTOTYPES = YES;
				CLANG_WARN_SUSPICIOUS_MOVE = YES;
				CLANG_WARN_UNGUARDED_AVAILABILITY = YES_AGGRESSIVE;
				CLANG_WARN_UNREACHABLE_CODE = YES;
				CLANG_WARN__DUPLICATE_METHOD_MATCH = YES;
				COPY_PHASE_STRIP = NO;
				DEBUG_INFORMATION_FORMAT = dwarf;
				ENABLE_STRICT_OBJC_MSGSEND = YES;
				ENABLE_TESTABILITY = YES;
				GCC_C_LANGUAGE_STANDARD = gnu11;
				GCC_DYNAMIC_NO_PIC = NO;
				GCC_NO_COMMON_BLOCKS = YES;
				GCC_OPTIMIZATION_LEVEL = 0;
				GCC_PREPROCESSOR_DEFINITIONS = (
					"DEBUG=1",
					"$(inherited)",
				);
				GCC_WARN_64_TO_32_BIT_CONVERSION = YES;
				GCC_WARN_ABOUT_RETURN_TYPE = YES_ERROR;
				GCC_WARN_UNDECLARED_SELECTOR = YES;
				GCC_WARN_UNINITIALIZED_AUTOS = YES_AGGRESSIVE;
				GCC_WARN_UNUSED_FUNCTION = YES;
				GCC_WARN_UNUSED_VARIABLE = YES;
				IPHONEOS_DEPLOYMENT_TARGET = 16.2;
				MTL_ENABLE_DEBUG_INFO = INCLUDE_SOURCE;
				MTL_FAST_MATH = YES;
				ONLY_ACTIVE_ARCH = YES;
				SDKROOT = iphoneos;
				SWIFT_ACTIVE_COMPILATION_CONDITIONS = DEBUG;
				SWIFT_OPTIMIZATION_LEVEL = "-Onone";
			};
			name = Debug;
		};
		1FF4608A29C8E8740026F680 /* Release */ = {
			isa = XCBuildConfiguration;
			buildSettings = {
				ALWAYS_SEARCH_USER_PATHS = NO;
				CLANG_ANALYZER_NONNULL = YES;
				CLANG_ANALYZER_NUMBER_OBJECT_CONVERSION = YES_AGGRESSIVE;
				CLANG_CXX_LANGUAGE_STANDARD = "gnu++20";
				CLANG_ENABLE_MODULES = YES;
				CLANG_ENABLE_OBJC_ARC = YES;
				CLANG_ENABLE_OBJC_WEAK = YES;
				CLANG_WARN_BLOCK_CAPTURE_AUTORELEASING = YES;
				CLANG_WARN_BOOL_CONVERSION = YES;
				CLANG_WARN_COMMA = YES;
				CLANG_WARN_CONSTANT_CONVERSION = YES;
				CLANG_WARN_DEPRECATED_OBJC_IMPLEMENTATIONS = YES;
				CLANG_WARN_DIRECT_OBJC_ISA_USAGE = YES_ERROR;
				CLANG_WARN_DOCUMENTATION_COMMENTS = YES;
				CLANG_WARN_EMPTY_BODY = YES;
				CLANG_WARN_ENUM_CONVERSION = YES;
				CLANG_WARN_INFINITE_RECURSION = YES;
				CLANG_WARN_INT_CONVERSION = YES;
				CLANG_WARN_NON_LITERAL_NULL_CONVERSION = YES;
				CLANG_WARN_OBJC_IMPLICIT_RETAIN_SELF = YES;
				CLANG_WARN_OBJC_LITERAL_CONVERSION = YES;
				CLANG_WARN_OBJC_ROOT_CLASS = YES_ERROR;
				CLANG_WARN_QUOTED_INCLUDE_IN_FRAMEWORK_HEADER = YES;
				CLANG_WARN_RANGE_LOOP_ANALYSIS = YES;
				CLANG_WARN_STRICT_PROTOTYPES = YES;
				CLANG_WARN_SUSPICIOUS_MOVE = YES;
				CLANG_WARN_UNGUARDED_AVAILABILITY = YES_AGGRESSIVE;
				CLANG_WARN_UNREACHABLE_CODE = YES;
				CLANG_WARN__DUPLICATE_METHOD_MATCH = YES;
				COPY_PHASE_STRIP = NO;
				DEBUG_INFORMATION_FORMAT = "dwarf-with-dsym";
				ENABLE_NS_ASSERTIONS = NO;
				ENABLE_STRICT_OBJC_MSGSEND = YES;
				GCC_C_LANGUAGE_STANDARD = gnu11;
				GCC_NO_COMMON_BLOCKS = YES;
				GCC_WARN_64_TO_32_BIT_CONVERSION = YES;
				GCC_WARN_ABOUT_RETURN_TYPE = YES_ERROR;
				GCC_WARN_UNDECLARED_SELECTOR = YES;
				GCC_WARN_UNINITIALIZED_AUTOS = YES_AGGRESSIVE;
				GCC_WARN_UNUSED_FUNCTION = YES;
				GCC_WARN_UNUSED_VARIABLE = YES;
				IPHONEOS_DEPLOYMENT_TARGET = 16.2;
				MTL_ENABLE_DEBUG_INFO = NO;
				MTL_FAST_MATH = YES;
				SDKROOT = iphoneos;
				SWIFT_COMPILATION_MODE = wholemodule;
				SWIFT_OPTIMIZATION_LEVEL = "-O";
				VALIDATE_PRODUCT = YES;
			};
			name = Release;
		};
		1FF4608C29C8E8740026F680 /* Debug */ = {
			isa = XCBuildConfiguration;
			buildSettings = {
				ASSETCATALOG_COMPILER_APPICON_NAME = AppIcon;
				ASSETCATALOG_COMPILER_GLOBAL_ACCENT_COLOR_NAME = AccentColor;
				CODE_SIGN_STYLE = Automatic;
				CURRENT_PROJECT_VERSION = 1;
				GENERATE_INFOPLIST_FILE = YES;
				INFOPLIST_FILE = petJournal/Info.plist;
				INFOPLIST_KEY_UIApplicationSupportsIndirectInputEvents = YES;
				INFOPLIST_KEY_UILaunchStoryboardName = LaunchScreen;
				INFOPLIST_KEY_UIMainStoryboardFile = "";
				INFOPLIST_KEY_UISupportedInterfaceOrientations = UIInterfaceOrientationPortrait;
				IPHONEOS_DEPLOYMENT_TARGET = 13.0;
				LD_RUNPATH_SEARCH_PATHS = (
					"$(inherited)",
					"@executable_path/Frameworks",
				);
				MARKETING_VERSION = 1.0;
				PRODUCT_BUNDLE_IDENTIFIER = petJournal.petJournal;
				PRODUCT_NAME = "$(TARGET_NAME)";
				SUPPORTED_PLATFORMS = "iphoneos iphonesimulator";
				SUPPORTS_MACCATALYST = NO;
				SUPPORTS_MAC_DESIGNED_FOR_IPHONE_IPAD = NO;
				SWIFT_EMIT_LOC_STRINGS = YES;
				SWIFT_VERSION = 5.0;
				TARGETED_DEVICE_FAMILY = "1,2";
			};
			name = Debug;
		};
		1FF4608D29C8E8740026F680 /* Release */ = {
			isa = XCBuildConfiguration;
			buildSettings = {
				ASSETCATALOG_COMPILER_APPICON_NAME = AppIcon;
				ASSETCATALOG_COMPILER_GLOBAL_ACCENT_COLOR_NAME = AccentColor;
				CODE_SIGN_STYLE = Automatic;
				CURRENT_PROJECT_VERSION = 1;
				GENERATE_INFOPLIST_FILE = YES;
				INFOPLIST_FILE = petJournal/Info.plist;
				INFOPLIST_KEY_UIApplicationSupportsIndirectInputEvents = YES;
				INFOPLIST_KEY_UILaunchStoryboardName = LaunchScreen;
				INFOPLIST_KEY_UIMainStoryboardFile = "";
				INFOPLIST_KEY_UISupportedInterfaceOrientations = UIInterfaceOrientationPortrait;
				IPHONEOS_DEPLOYMENT_TARGET = 13.0;
				LD_RUNPATH_SEARCH_PATHS = (
					"$(inherited)",
					"@executable_path/Frameworks",
				);
				MARKETING_VERSION = 1.0;
				PRODUCT_BUNDLE_IDENTIFIER = petJournal.petJournal;
				PRODUCT_NAME = "$(TARGET_NAME)";
				SUPPORTED_PLATFORMS = "iphoneos iphonesimulator";
				SUPPORTS_MACCATALYST = NO;
				SUPPORTS_MAC_DESIGNED_FOR_IPHONE_IPAD = NO;
				SWIFT_EMIT_LOC_STRINGS = YES;
				SWIFT_VERSION = 5.0;
				TARGETED_DEVICE_FAMILY = "1,2";
			};
			name = Release;
		};
/* End XCBuildConfiguration section */

/* Begin XCConfigurationList section */
		1FF4607229C8E8720026F680 /* Build configuration list for PBXProject "petJournal" */ = {
			isa = XCConfigurationList;
			buildConfigurations = (
				1FF4608929C8E8740026F680 /* Debug */,
				1FF4608A29C8E8740026F680 /* Release */,
			);
			defaultConfigurationIsVisible = 0;
			defaultConfigurationName = Release;
		};
		1FF4608B29C8E8740026F680 /* Build configuration list for PBXNativeTarget "petJournal" */ = {
			isa = XCConfigurationList;
			buildConfigurations = (
				1FF4608C29C8E8740026F680 /* Debug */,
				1FF4608D29C8E8740026F680 /* Release */,
			);
			defaultConfigurationIsVisible = 0;
			defaultConfigurationName = Release;
		};
/* End XCConfigurationList section */
	};
	rootObject = 1FF4606F29C8E8720026F680 /* Project object */;
}
