// !$*UTF8*$!
{
	archiveVersion = 1;
	classes = {
	};
	objectVersion = 56;
	objects = {

/* Begin PBXBuildFile section */
		1F656E222A1410AE004D4D99 /* CreateAccountView.swift in Sources */ = {isa = PBXBuildFile; fileRef = 1F656E212A1410AE004D4D99 /* CreateAccountView.swift */; };
		1F8298312A18151500595FB7 /* CreateAccountService.swift in Sources */ = {isa = PBXBuildFile; fileRef = 1F8298302A18151500595FB7 /* CreateAccountService.swift */; };
		1FB7998429F1C8CC00673233 /* UserPJModel.swift in Sources */ = {isa = PBXBuildFile; fileRef = 1FB7998329F1C8CC00673233 /* UserPJModel.swift */; };
		1FED054A29E7329E005411D1 /* CreateAccountViewModel.swift in Sources */ = {isa = PBXBuildFile; fileRef = 1FED054929E7329E005411D1 /* CreateAccountViewModel.swift */; };
		1FF4607B29C8E8720026F680 /* AppDelegate.swift in Sources */ = {isa = PBXBuildFile; fileRef = 1FF4607A29C8E8720026F680 /* AppDelegate.swift */; };
		1FF4607D29C8E8720026F680 /* SceneDelegate.swift in Sources */ = {isa = PBXBuildFile; fileRef = 1FF4607C29C8E8720026F680 /* SceneDelegate.swift */; };
		1FF4608429C8E8740026F680 /* Assets.xcassets in Resources */ = {isa = PBXBuildFile; fileRef = 1FF4608329C8E8740026F680 /* Assets.xcassets */; };
		1FF4608729C8E8740026F680 /* LaunchScreen.storyboard in Resources */ = {isa = PBXBuildFile; fileRef = 1FF4608529C8E8740026F680 /* LaunchScreen.storyboard */; };
		6196CDB52AE2F47A0021DA5F /* Extension+Font.swift in Sources */ = {isa = PBXBuildFile; fileRef = 6196CDB42AE2F47A0021DA5F /* Extension+Font.swift */; };
		C9029C3D2B1E691A0069AE5D /* FindServicesView.swift in Sources */ = {isa = PBXBuildFile; fileRef = C9029C3C2B1E691A0069AE5D /* FindServicesView.swift */; };
		C9029C3F2B1E69420069AE5D /* ScheduleView.swift in Sources */ = {isa = PBXBuildFile; fileRef = C9029C3E2B1E69420069AE5D /* ScheduleView.swift */; };
		C9029C412B1E69800069AE5D /* VaccineLogView.swift in Sources */ = {isa = PBXBuildFile; fileRef = C9029C402B1E69800069AE5D /* VaccineLogView.swift */; };
		C9029C432B1E69AA0069AE5D /* ParasiteControlView.swift in Sources */ = {isa = PBXBuildFile; fileRef = C9029C422B1E69AA0069AE5D /* ParasiteControlView.swift */; };
		C904B18C2A40CFBB005ED7E7 /* ForgotError.swift in Sources */ = {isa = PBXBuildFile; fileRef = C904B18B2A40CFBB005ED7E7 /* ForgotError.swift */; };
		C904B18E2A40CFD2005ED7E7 /* ForgotState.swift in Sources */ = {isa = PBXBuildFile; fileRef = C904B18D2A40CFD2005ED7E7 /* ForgotState.swift */; };
		C910E2BB2AC78F0800DD3C23 /* URLManager.swift in Sources */ = {isa = PBXBuildFile; fileRef = C910E2BA2AC78F0800DD3C23 /* URLManager.swift */; };
		C930B5C22A3A87E20008F502 /* InputEmailView.swift in Sources */ = {isa = PBXBuildFile; fileRef = C930B5C12A3A87E20008F502 /* InputEmailView.swift */; };
		C930B5C62A3A883D0008F502 /* ForgotPasswordService.swift in Sources */ = {isa = PBXBuildFile; fileRef = C930B5C52A3A883D0008F502 /* ForgotPasswordService.swift */; };
		C930B5C82A3A88CF0008F502 /* ReceiveInputViewModel.swift in Sources */ = {isa = PBXBuildFile; fileRef = C930B5C72A3A88CF0008F502 /* ReceiveInputViewModel.swift */; };
		C930B5CB2A3A89FD0008F502 /* WaitingCodeView.swift in Sources */ = {isa = PBXBuildFile; fileRef = C930B5CA2A3A89FD0008F502 /* WaitingCodeView.swift */; };
		C930B5CE2A3A8A280008F502 /* CodeInput.swift in Sources */ = {isa = PBXBuildFile; fileRef = C930B5CD2A3A8A280008F502 /* CodeInput.swift */; };
		C930B5D02A3A8AA60008F502 /* WaitingViewModel.swift in Sources */ = {isa = PBXBuildFile; fileRef = C930B5CF2A3A8AA60008F502 /* WaitingViewModel.swift */; };
		C930B5D32A3A8B240008F502 /* EditPasswordViewModel.swift in Sources */ = {isa = PBXBuildFile; fileRef = C930B5D22A3A8B240008F502 /* EditPasswordViewModel.swift */; };
		C930B5D52A3A8B320008F502 /* EditPasswordView.swift in Sources */ = {isa = PBXBuildFile; fileRef = C930B5D42A3A8B320008F502 /* EditPasswordView.swift */; };
		C930B5D82A3A8E5E0008F502 /* ComponentCreateAccount.swift in Sources */ = {isa = PBXBuildFile; fileRef = C930B5D72A3A8E5E0008F502 /* ComponentCreateAccount.swift */; };
		C930B5DA2A3A8E820008F502 /* CompRememberAndForgotPassword.swift in Sources */ = {isa = PBXBuildFile; fileRef = C930B5D92A3A8E820008F502 /* CompRememberAndForgotPassword.swift */; };
		C93943F12A9C0DD00085E623 /* ValidationsModel.swift in Sources */ = {isa = PBXBuildFile; fileRef = C93943F02A9C0DD00085E623 /* ValidationsModel.swift */; };
		C93943F32A9C0E040085E623 /* UIKitCustom.swift in Sources */ = {isa = PBXBuildFile; fileRef = C93943F22A9C0E040085E623 /* UIKitCustom.swift */; };
		C93943F52A9C0E6C0085E623 /* PJTextFieldView.swift in Sources */ = {isa = PBXBuildFile; fileRef = C93943F42A9C0E6C0085E623 /* PJTextFieldView.swift */; };
		C93943F72A9C0EDD0085E623 /* Extension+Alert.swift in Sources */ = {isa = PBXBuildFile; fileRef = C93943F62A9C0EDD0085E623 /* Extension+Alert.swift */; };
		C93943F92A9C0F140085E623 /* Extension+UIColor.swift in Sources */ = {isa = PBXBuildFile; fileRef = C93943F82A9C0F140085E623 /* Extension+UIColor.swift */; };
		C946F54929EF4CCE00045097 /* AccessAccountService.swift in Sources */ = {isa = PBXBuildFile; fileRef = C946F54829EF4CCE00045097 /* AccessAccountService.swift */; };
		C94A240229CE45B400C71D01 /* AccessAccountViewModel.swift in Sources */ = {isa = PBXBuildFile; fileRef = C94A240129CE45B400C71D01 /* AccessAccountViewModel.swift */; };
		C94C42022A21543B00A949F4 /* WebView.swift in Sources */ = {isa = PBXBuildFile; fileRef = C94C42012A21543B00A949F4 /* WebView.swift */; };
		C96853C12AC397560020AD1F /* CustomGlassView.swift in Sources */ = {isa = PBXBuildFile; fileRef = C96853C02AC397560020AD1F /* CustomGlassView.swift */; };
		C96853C42AC397D00020AD1F /* LoagingView.swift in Sources */ = {isa = PBXBuildFile; fileRef = C96853C32AC397D00020AD1F /* LoagingView.swift */; };
		C96BFB3B29E1D714003D3827 /* Fredoka-Regular.ttf in Resources */ = {isa = PBXBuildFile; fileRef = C96BFB3629E1D713003D3827 /* Fredoka-Regular.ttf */; };
		C96BFB3C29E1D714003D3827 /* Fredoka-Bold.ttf in Resources */ = {isa = PBXBuildFile; fileRef = C96BFB3729E1D713003D3827 /* Fredoka-Bold.ttf */; };
		C96BFB3D29E1D714003D3827 /* Fredoka-Light.ttf in Resources */ = {isa = PBXBuildFile; fileRef = C96BFB3829E1D713003D3827 /* Fredoka-Light.ttf */; };
		C96BFB3E29E1D714003D3827 /* Fredoka-Medium.ttf in Resources */ = {isa = PBXBuildFile; fileRef = C96BFB3929E1D713003D3827 /* Fredoka-Medium.ttf */; };
		C96BFB3F29E1D714003D3827 /* Fredoka-SemiBold.ttf in Resources */ = {isa = PBXBuildFile; fileRef = C96BFB3A29E1D714003D3827 /* Fredoka-SemiBold.ttf */; };
		C97A74E629F9810D001CD67E /* AuthMock.swift in Sources */ = {isa = PBXBuildFile; fileRef = C97A74E529F9810D001CD67E /* AuthMock.swift */; };
		C9A3248A2A2FB25A008FE6F4 /* RegisterState.swift in Sources */ = {isa = PBXBuildFile; fileRef = C9A324892A2FB25A008FE6F4 /* RegisterState.swift */; };
		C9A3248E2A2FE6F3008FE6F4 /* SpyRegisterService.swift in Sources */ = {isa = PBXBuildFile; fileRef = C9A3248D2A2FE6F3008FE6F4 /* SpyRegisterService.swift */; };
		C9A324912A2FE7D5008FE6F4 /* LoginResponse.swift in Sources */ = {isa = PBXBuildFile; fileRef = C9A324902A2FE7D5008FE6F4 /* LoginResponse.swift */; };
		C9A324932A2FE7F9008FE6F4 /* RegisterError.swift in Sources */ = {isa = PBXBuildFile; fileRef = C9A324922A2FE7F9008FE6F4 /* RegisterError.swift */; };
		C9A324952A2FE984008FE6F4 /* CreateAccountViewModel_Test.swift in Sources */ = {isa = PBXBuildFile; fileRef = C9A324942A2FE984008FE6F4 /* CreateAccountViewModel_Test.swift */; };
		C9B1C8A529F9F762002C7B00 /* Validation_Test.swift in Sources */ = {isa = PBXBuildFile; fileRef = C9B1C8A429F9F761002C7B00 /* Validation_Test.swift */; };
		C9B1C8A829F9FDC0002C7B00 /* AuthenticationError.swift in Sources */ = {isa = PBXBuildFile; fileRef = C9B1C8A729F9FDC0002C7B00 /* AuthenticationError.swift */; };
		C9B9FD9529EDE27900C7C52B /* Validations.swift in Sources */ = {isa = PBXBuildFile; fileRef = C9B9FD9429EDE27900C7C52B /* Validations.swift */; };
		C9BAE60D29DE298900542620 /* Extension+Color.swift in Sources */ = {isa = PBXBuildFile; fileRef = C9BAE60C29DE298900542620 /* Extension+Color.swift */; };
		C9BF339E2AFE728C009C0F36 /* HomeViewModel.swift in Sources */ = {isa = PBXBuildFile; fileRef = C9BF339D2AFE728C009C0F36 /* HomeViewModel.swift */; };
		C9BF33A02AFEE570009C0F36 /* SideViewContent.swift in Sources */ = {isa = PBXBuildFile; fileRef = C9BF339F2AFEE570009C0F36 /* SideViewContent.swift */; };
		C9C094892AC11915006FB438 /* AuthenticationStatus.swift in Sources */ = {isa = PBXBuildFile; fileRef = C9C094882AC11915006FB438 /* AuthenticationStatus.swift */; };
		C9D4E1E72A2932740030164A /* UserDefaultsUtils.swift in Sources */ = {isa = PBXBuildFile; fileRef = C9D4E1E62A2932740030164A /* UserDefaultsUtils.swift */; };
		C9D845092A22491F0007A316 /* UserSession.swift in Sources */ = {isa = PBXBuildFile; fileRef = C9D845082A22491F0007A316 /* UserSession.swift */; };
		C9D8450B2A22494C0007A316 /* SessionManager.swift in Sources */ = {isa = PBXBuildFile; fileRef = C9D8450A2A22494C0007A316 /* SessionManager.swift */; };
		C9D8450D2A2249650007A316 /* SessionModel.swift in Sources */ = {isa = PBXBuildFile; fileRef = C9D8450C2A2249650007A316 /* SessionModel.swift */; };
		C9D8450F2A224AC10007A316 /* MainActor.swift in Sources */ = {isa = PBXBuildFile; fileRef = C9D8450E2A224AC10007A316 /* MainActor.swift */; };
		C9D95F6F2A37A6E6001C271F /* CustomAlert.swift in Sources */ = {isa = PBXBuildFile; fileRef = C9D95F6E2A37A6E6001C271F /* CustomAlert.swift */; };
		C9D95F722A37AA0D001C271F /* BlurView.swift in Sources */ = {isa = PBXBuildFile; fileRef = C9D95F712A37AA0D001C271F /* BlurView.swift */; };
		C9E3E4842A203A8100A83321 /* ComponentPrivacy.swift in Sources */ = {isa = PBXBuildFile; fileRef = C9E3E4832A203A8100A83321 /* ComponentPrivacy.swift */; };
		C9E5017129E72D7D0014F9C4 /* FontFamily.swift in Sources */ = {isa = PBXBuildFile; fileRef = C9E5017029E72D7D0014F9C4 /* FontFamily.swift */; };
		C9E5017929E7756F0014F9C4 /* Extension+UIView.swift in Sources */ = {isa = PBXBuildFile; fileRef = C9E5017829E7756F0014F9C4 /* Extension+UIView.swift */; };
		C9F5F49F2A41FEF8002C21F7 /* TabBarView.swift in Sources */ = {isa = PBXBuildFile; fileRef = C9F5F49E2A41FEF8002C21F7 /* TabBarView.swift */; };
		C9F5F4A12A41FF0F002C21F7 /* TabBarViewModel.swift in Sources */ = {isa = PBXBuildFile; fileRef = C9F5F4A02A41FF0F002C21F7 /* TabBarViewModel.swift */; };
		C9F5F4A42A41FF88002C21F7 /* TabBarModifier.swift in Sources */ = {isa = PBXBuildFile; fileRef = C9F5F4A32A41FF88002C21F7 /* TabBarModifier.swift */; };
		C9F5F4AA2A42046E002C21F7 /* HomeModel.swift in Sources */ = {isa = PBXBuildFile; fileRef = C9F5F4A92A42046E002C21F7 /* HomeModel.swift */; };
		C9F5F4AC2A42049F002C21F7 /* ServicesModel.swift in Sources */ = {isa = PBXBuildFile; fileRef = C9F5F4AB2A42049F002C21F7 /* ServicesModel.swift */; };
		C9F5F4B02A4204EB002C21F7 /* BannerView.swift in Sources */ = {isa = PBXBuildFile; fileRef = C9F5F4AF2A4204EB002C21F7 /* BannerView.swift */; };
		C9F5F4B22A420502002C21F7 /* FeatureTabView.swift in Sources */ = {isa = PBXBuildFile; fileRef = C9F5F4B12A420502002C21F7 /* FeatureTabView.swift */; };
		C9F5F4B42A420517002C21F7 /* ServiceItemView.swift in Sources */ = {isa = PBXBuildFile; fileRef = C9F5F4B32A420517002C21F7 /* ServiceItemView.swift */; };
		C9F5F4B82A420553002C21F7 /* SideMenuView.swift in Sources */ = {isa = PBXBuildFile; fileRef = C9F5F4B72A420553002C21F7 /* SideMenuView.swift */; };
		C9F5F4BA2A420562002C21F7 /* HomePageView.swift in Sources */ = {isa = PBXBuildFile; fileRef = C9F5F4B92A420562002C21F7 /* HomePageView.swift */; };
		C9F9D82D2A14230600DD72F1 /* AccessAccountView.swift in Sources */ = {isa = PBXBuildFile; fileRef = C9F9D82C2A14230600DD72F1 /* AccessAccountView.swift */; };
		C9F9D8372A1424E700DD72F1 /* PJButton.swift in Sources */ = {isa = PBXBuildFile; fileRef = C9F9D8362A1424E700DD72F1 /* PJButton.swift */; };
		C9F9D8392A14251500DD72F1 /* CustomButtonStyle.swift in Sources */ = {isa = PBXBuildFile; fileRef = C9F9D8382A14251500DD72F1 /* CustomButtonStyle.swift */; };
		C9FD536829E4B2D9003033FB /* Extension+UIFont.swift in Sources */ = {isa = PBXBuildFile; fileRef = C9FD536729E4B2D9003033FB /* Extension+UIFont.swift */; };
		C9FD536D29E4B3CB003033FB /* FontType.swift in Sources */ = {isa = PBXBuildFile; fileRef = C9FD536C29E4B3CB003033FB /* FontType.swift */; };
/* End PBXBuildFile section */

/* Begin PBXContainerItemProxy section */
		C97A74DD29F97EEF001CD67E /* PBXContainerItemProxy */ = {
			isa = PBXContainerItemProxy;
			containerPortal = 1FF4606F29C8E8720026F680 /* Project object */;
			proxyType = 1;
			remoteGlobalIDString = 1FF4607629C8E8720026F680;
			remoteInfo = petJournal;
		};
/* End PBXContainerItemProxy section */

/* Begin PBXFileReference section */
		1F656E212A1410AE004D4D99 /* CreateAccountView.swift */ = {isa = PBXFileReference; lastKnownFileType = sourcecode.swift; path = CreateAccountView.swift; sourceTree = "<group>"; };
		1F8298302A18151500595FB7 /* CreateAccountService.swift */ = {isa = PBXFileReference; lastKnownFileType = sourcecode.swift; path = CreateAccountService.swift; sourceTree = "<group>"; };
		1FB7998329F1C8CC00673233 /* UserPJModel.swift */ = {isa = PBXFileReference; lastKnownFileType = sourcecode.swift; path = UserPJModel.swift; sourceTree = "<group>"; };
		1FED054929E7329E005411D1 /* CreateAccountViewModel.swift */ = {isa = PBXFileReference; lastKnownFileType = sourcecode.swift; path = CreateAccountViewModel.swift; sourceTree = "<group>"; };
		1FF4607729C8E8720026F680 /* petJournal.app */ = {isa = PBXFileReference; explicitFileType = wrapper.application; includeInIndex = 0; path = petJournal.app; sourceTree = BUILT_PRODUCTS_DIR; };
		1FF4607A29C8E8720026F680 /* AppDelegate.swift */ = {isa = PBXFileReference; lastKnownFileType = sourcecode.swift; path = AppDelegate.swift; sourceTree = "<group>"; };
		1FF4607C29C8E8720026F680 /* SceneDelegate.swift */ = {isa = PBXFileReference; lastKnownFileType = sourcecode.swift; path = SceneDelegate.swift; sourceTree = "<group>"; };
		1FF4608329C8E8740026F680 /* Assets.xcassets */ = {isa = PBXFileReference; lastKnownFileType = folder.assetcatalog; path = Assets.xcassets; sourceTree = "<group>"; };
		1FF4608629C8E8740026F680 /* Base */ = {isa = PBXFileReference; lastKnownFileType = file.storyboard; name = Base; path = Base.lproj/LaunchScreen.storyboard; sourceTree = "<group>"; };
		1FF4608829C8E8740026F680 /* Info.plist */ = {isa = PBXFileReference; lastKnownFileType = text.plist.xml; path = Info.plist; sourceTree = "<group>"; };
		6196CDB42AE2F47A0021DA5F /* Extension+Font.swift */ = {isa = PBXFileReference; lastKnownFileType = sourcecode.swift; path = "Extension+Font.swift"; sourceTree = "<group>"; };
		C9029C3C2B1E691A0069AE5D /* FindServicesView.swift */ = {isa = PBXFileReference; lastKnownFileType = sourcecode.swift; path = FindServicesView.swift; sourceTree = "<group>"; };
		C9029C3E2B1E69420069AE5D /* ScheduleView.swift */ = {isa = PBXFileReference; lastKnownFileType = sourcecode.swift; path = ScheduleView.swift; sourceTree = "<group>"; };
		C9029C402B1E69800069AE5D /* VaccineLogView.swift */ = {isa = PBXFileReference; lastKnownFileType = sourcecode.swift; path = VaccineLogView.swift; sourceTree = "<group>"; };
		C9029C422B1E69AA0069AE5D /* ParasiteControlView.swift */ = {isa = PBXFileReference; lastKnownFileType = sourcecode.swift; path = ParasiteControlView.swift; sourceTree = "<group>"; };
		C904B18B2A40CFBB005ED7E7 /* ForgotError.swift */ = {isa = PBXFileReference; lastKnownFileType = sourcecode.swift; path = ForgotError.swift; sourceTree = "<group>"; };
		C904B18D2A40CFD2005ED7E7 /* ForgotState.swift */ = {isa = PBXFileReference; lastKnownFileType = sourcecode.swift; path = ForgotState.swift; sourceTree = "<group>"; };
		C910E2BA2AC78F0800DD3C23 /* URLManager.swift */ = {isa = PBXFileReference; lastKnownFileType = sourcecode.swift; path = URLManager.swift; sourceTree = "<group>"; };
		C930B5C12A3A87E20008F502 /* InputEmailView.swift */ = {isa = PBXFileReference; lastKnownFileType = sourcecode.swift; path = InputEmailView.swift; sourceTree = "<group>"; };
		C930B5C52A3A883D0008F502 /* ForgotPasswordService.swift */ = {isa = PBXFileReference; lastKnownFileType = sourcecode.swift; path = ForgotPasswordService.swift; sourceTree = "<group>"; };
		C930B5C72A3A88CF0008F502 /* ReceiveInputViewModel.swift */ = {isa = PBXFileReference; lastKnownFileType = sourcecode.swift; path = ReceiveInputViewModel.swift; sourceTree = "<group>"; };
		C930B5CA2A3A89FD0008F502 /* WaitingCodeView.swift */ = {isa = PBXFileReference; lastKnownFileType = sourcecode.swift; path = WaitingCodeView.swift; sourceTree = "<group>"; };
		C930B5CD2A3A8A280008F502 /* CodeInput.swift */ = {isa = PBXFileReference; lastKnownFileType = sourcecode.swift; path = CodeInput.swift; sourceTree = "<group>"; };
		C930B5CF2A3A8AA60008F502 /* WaitingViewModel.swift */ = {isa = PBXFileReference; lastKnownFileType = sourcecode.swift; path = WaitingViewModel.swift; sourceTree = "<group>"; };
		C930B5D22A3A8B240008F502 /* EditPasswordViewModel.swift */ = {isa = PBXFileReference; lastKnownFileType = sourcecode.swift; path = EditPasswordViewModel.swift; sourceTree = "<group>"; };
		C930B5D42A3A8B320008F502 /* EditPasswordView.swift */ = {isa = PBXFileReference; lastKnownFileType = sourcecode.swift; path = EditPasswordView.swift; sourceTree = "<group>"; };
		C930B5D72A3A8E5E0008F502 /* ComponentCreateAccount.swift */ = {isa = PBXFileReference; lastKnownFileType = sourcecode.swift; path = ComponentCreateAccount.swift; sourceTree = "<group>"; };
		C930B5D92A3A8E820008F502 /* CompRememberAndForgotPassword.swift */ = {isa = PBXFileReference; lastKnownFileType = sourcecode.swift; path = CompRememberAndForgotPassword.swift; sourceTree = "<group>"; };
		C93943F02A9C0DD00085E623 /* ValidationsModel.swift */ = {isa = PBXFileReference; lastKnownFileType = sourcecode.swift; path = ValidationsModel.swift; sourceTree = "<group>"; };
		C93943F22A9C0E040085E623 /* UIKitCustom.swift */ = {isa = PBXFileReference; lastKnownFileType = sourcecode.swift; path = UIKitCustom.swift; sourceTree = "<group>"; };
		C93943F42A9C0E6C0085E623 /* PJTextFieldView.swift */ = {isa = PBXFileReference; lastKnownFileType = sourcecode.swift; path = PJTextFieldView.swift; sourceTree = "<group>"; };
		C93943F62A9C0EDD0085E623 /* Extension+Alert.swift */ = {isa = PBXFileReference; lastKnownFileType = sourcecode.swift; path = "Extension+Alert.swift"; sourceTree = "<group>"; };
		C93943F82A9C0F140085E623 /* Extension+UIColor.swift */ = {isa = PBXFileReference; lastKnownFileType = sourcecode.swift; path = "Extension+UIColor.swift"; sourceTree = "<group>"; };
		C946F54829EF4CCE00045097 /* AccessAccountService.swift */ = {isa = PBXFileReference; lastKnownFileType = sourcecode.swift; path = AccessAccountService.swift; sourceTree = "<group>"; };
		C94A240129CE45B400C71D01 /* AccessAccountViewModel.swift */ = {isa = PBXFileReference; lastKnownFileType = sourcecode.swift; name = AccessAccountViewModel.swift; path = ViewModel/AccessAccountViewModel.swift; sourceTree = "<group>"; };
		C94C42012A21543B00A949F4 /* WebView.swift */ = {isa = PBXFileReference; lastKnownFileType = sourcecode.swift; path = WebView.swift; sourceTree = "<group>"; };
		C96853C02AC397560020AD1F /* CustomGlassView.swift */ = {isa = PBXFileReference; lastKnownFileType = sourcecode.swift; path = CustomGlassView.swift; sourceTree = "<group>"; };
		C96853C32AC397D00020AD1F /* LoagingView.swift */ = {isa = PBXFileReference; lastKnownFileType = sourcecode.swift; path = LoagingView.swift; sourceTree = "<group>"; };
		C96BFB3629E1D713003D3827 /* Fredoka-Regular.ttf */ = {isa = PBXFileReference; lastKnownFileType = file; path = "Fredoka-Regular.ttf"; sourceTree = "<group>"; };
		C96BFB3729E1D713003D3827 /* Fredoka-Bold.ttf */ = {isa = PBXFileReference; lastKnownFileType = file; path = "Fredoka-Bold.ttf"; sourceTree = "<group>"; };
		C96BFB3829E1D713003D3827 /* Fredoka-Light.ttf */ = {isa = PBXFileReference; lastKnownFileType = file; path = "Fredoka-Light.ttf"; sourceTree = "<group>"; };
		C96BFB3929E1D713003D3827 /* Fredoka-Medium.ttf */ = {isa = PBXFileReference; lastKnownFileType = file; path = "Fredoka-Medium.ttf"; sourceTree = "<group>"; };
		C96BFB3A29E1D714003D3827 /* Fredoka-SemiBold.ttf */ = {isa = PBXFileReference; lastKnownFileType = file; path = "Fredoka-SemiBold.ttf"; sourceTree = "<group>"; };
		C97A74D929F97EEE001CD67E /* petJournal_Tests.xctest */ = {isa = PBXFileReference; explicitFileType = wrapper.cfbundle; includeInIndex = 0; path = petJournal_Tests.xctest; sourceTree = BUILT_PRODUCTS_DIR; };
		C97A74E529F9810D001CD67E /* AuthMock.swift */ = {isa = PBXFileReference; lastKnownFileType = sourcecode.swift; path = AuthMock.swift; sourceTree = "<group>"; };
		C9A324892A2FB25A008FE6F4 /* RegisterState.swift */ = {isa = PBXFileReference; lastKnownFileType = sourcecode.swift; path = RegisterState.swift; sourceTree = "<group>"; };
		C9A3248D2A2FE6F3008FE6F4 /* SpyRegisterService.swift */ = {isa = PBXFileReference; lastKnownFileType = sourcecode.swift; path = SpyRegisterService.swift; sourceTree = "<group>"; };
		C9A324902A2FE7D5008FE6F4 /* LoginResponse.swift */ = {isa = PBXFileReference; lastKnownFileType = sourcecode.swift; path = LoginResponse.swift; sourceTree = "<group>"; };
		C9A324922A2FE7F9008FE6F4 /* RegisterError.swift */ = {isa = PBXFileReference; lastKnownFileType = sourcecode.swift; path = RegisterError.swift; sourceTree = "<group>"; };
		C9A324942A2FE984008FE6F4 /* CreateAccountViewModel_Test.swift */ = {isa = PBXFileReference; lastKnownFileType = sourcecode.swift; path = CreateAccountViewModel_Test.swift; sourceTree = "<group>"; };
		C9B1C8A429F9F761002C7B00 /* Validation_Test.swift */ = {isa = PBXFileReference; lastKnownFileType = sourcecode.swift; path = Validation_Test.swift; sourceTree = "<group>"; };
		C9B1C8A729F9FDC0002C7B00 /* AuthenticationError.swift */ = {isa = PBXFileReference; lastKnownFileType = sourcecode.swift; path = AuthenticationError.swift; sourceTree = "<group>"; };
		C9B9FD9429EDE27900C7C52B /* Validations.swift */ = {isa = PBXFileReference; lastKnownFileType = sourcecode.swift; path = Validations.swift; sourceTree = "<group>"; };
		C9BAE60C29DE298900542620 /* Extension+Color.swift */ = {isa = PBXFileReference; lastKnownFileType = sourcecode.swift; path = "Extension+Color.swift"; sourceTree = "<group>"; };
		C9BF339D2AFE728C009C0F36 /* HomeViewModel.swift */ = {isa = PBXFileReference; lastKnownFileType = sourcecode.swift; path = HomeViewModel.swift; sourceTree = "<group>"; };
		C9BF339F2AFEE570009C0F36 /* SideViewContent.swift */ = {isa = PBXFileReference; lastKnownFileType = sourcecode.swift; path = SideViewContent.swift; sourceTree = "<group>"; };
		C9C094882AC11915006FB438 /* AuthenticationStatus.swift */ = {isa = PBXFileReference; lastKnownFileType = sourcecode.swift; path = AuthenticationStatus.swift; sourceTree = "<group>"; };
		C9D4E1E62A2932740030164A /* UserDefaultsUtils.swift */ = {isa = PBXFileReference; lastKnownFileType = sourcecode.swift; path = UserDefaultsUtils.swift; sourceTree = "<group>"; };
		C9D845082A22491F0007A316 /* UserSession.swift */ = {isa = PBXFileReference; lastKnownFileType = sourcecode.swift; path = UserSession.swift; sourceTree = "<group>"; };
		C9D8450A2A22494C0007A316 /* SessionManager.swift */ = {isa = PBXFileReference; lastKnownFileType = sourcecode.swift; path = SessionManager.swift; sourceTree = "<group>"; };
		C9D8450C2A2249650007A316 /* SessionModel.swift */ = {isa = PBXFileReference; lastKnownFileType = sourcecode.swift; path = SessionModel.swift; sourceTree = "<group>"; };
		C9D8450E2A224AC10007A316 /* MainActor.swift */ = {isa = PBXFileReference; lastKnownFileType = sourcecode.swift; path = MainActor.swift; sourceTree = "<group>"; };
		C9D95F6E2A37A6E6001C271F /* CustomAlert.swift */ = {isa = PBXFileReference; lastKnownFileType = sourcecode.swift; path = CustomAlert.swift; sourceTree = "<group>"; };
		C9D95F712A37AA0D001C271F /* BlurView.swift */ = {isa = PBXFileReference; lastKnownFileType = sourcecode.swift; path = BlurView.swift; sourceTree = "<group>"; };
		C9E3E4832A203A8100A83321 /* ComponentPrivacy.swift */ = {isa = PBXFileReference; lastKnownFileType = sourcecode.swift; name = ComponentPrivacy.swift; path = petJournal/Features/UnAuthentication/CreateAccount/Subviews/ComponentPrivacy.swift; sourceTree = SOURCE_ROOT; };
		C9E5017029E72D7D0014F9C4 /* FontFamily.swift */ = {isa = PBXFileReference; lastKnownFileType = sourcecode.swift; path = FontFamily.swift; sourceTree = "<group>"; };
		C9E5017829E7756F0014F9C4 /* Extension+UIView.swift */ = {isa = PBXFileReference; lastKnownFileType = sourcecode.swift; path = "Extension+UIView.swift"; sourceTree = "<group>"; };
		C9F5F49E2A41FEF8002C21F7 /* TabBarView.swift */ = {isa = PBXFileReference; lastKnownFileType = sourcecode.swift; path = TabBarView.swift; sourceTree = "<group>"; };
		C9F5F4A02A41FF0F002C21F7 /* TabBarViewModel.swift */ = {isa = PBXFileReference; lastKnownFileType = sourcecode.swift; path = TabBarViewModel.swift; sourceTree = "<group>"; };
		C9F5F4A32A41FF88002C21F7 /* TabBarModifier.swift */ = {isa = PBXFileReference; lastKnownFileType = sourcecode.swift; path = TabBarModifier.swift; sourceTree = "<group>"; };
		C9F5F4A92A42046E002C21F7 /* HomeModel.swift */ = {isa = PBXFileReference; lastKnownFileType = sourcecode.swift; path = HomeModel.swift; sourceTree = "<group>"; };
		C9F5F4AB2A42049F002C21F7 /* ServicesModel.swift */ = {isa = PBXFileReference; lastKnownFileType = sourcecode.swift; path = ServicesModel.swift; sourceTree = "<group>"; };
		C9F5F4AF2A4204EB002C21F7 /* BannerView.swift */ = {isa = PBXFileReference; lastKnownFileType = sourcecode.swift; path = BannerView.swift; sourceTree = "<group>"; };
		C9F5F4B12A420502002C21F7 /* FeatureTabView.swift */ = {isa = PBXFileReference; lastKnownFileType = sourcecode.swift; path = FeatureTabView.swift; sourceTree = "<group>"; };
		C9F5F4B32A420517002C21F7 /* ServiceItemView.swift */ = {isa = PBXFileReference; lastKnownFileType = sourcecode.swift; path = ServiceItemView.swift; sourceTree = "<group>"; };
		C9F5F4B72A420553002C21F7 /* SideMenuView.swift */ = {isa = PBXFileReference; lastKnownFileType = sourcecode.swift; path = SideMenuView.swift; sourceTree = "<group>"; };
		C9F5F4B92A420562002C21F7 /* HomePageView.swift */ = {isa = PBXFileReference; lastKnownFileType = sourcecode.swift; path = HomePageView.swift; sourceTree = "<group>"; };
		C9F9D82C2A14230600DD72F1 /* AccessAccountView.swift */ = {isa = PBXFileReference; lastKnownFileType = sourcecode.swift; path = AccessAccountView.swift; sourceTree = "<group>"; };
		C9F9D8362A1424E700DD72F1 /* PJButton.swift */ = {isa = PBXFileReference; lastKnownFileType = sourcecode.swift; path = PJButton.swift; sourceTree = "<group>"; };
		C9F9D8382A14251500DD72F1 /* CustomButtonStyle.swift */ = {isa = PBXFileReference; lastKnownFileType = sourcecode.swift; path = CustomButtonStyle.swift; sourceTree = "<group>"; };
		C9FD536729E4B2D9003033FB /* Extension+UIFont.swift */ = {isa = PBXFileReference; lastKnownFileType = sourcecode.swift; path = "Extension+UIFont.swift"; sourceTree = "<group>"; };
		C9FD536C29E4B3CB003033FB /* FontType.swift */ = {isa = PBXFileReference; lastKnownFileType = sourcecode.swift; path = FontType.swift; sourceTree = "<group>"; };
/* End PBXFileReference section */

/* Begin PBXFrameworksBuildPhase section */
		1FF4607429C8E8720026F680 /* Frameworks */ = {
			isa = PBXFrameworksBuildPhase;
			buildActionMask = 2147483647;
			files = (
			);
			runOnlyForDeploymentPostprocessing = 0;
		};
		C97A74D629F97EEE001CD67E /* Frameworks */ = {
			isa = PBXFrameworksBuildPhase;
			buildActionMask = 2147483647;
			files = (
			);
			runOnlyForDeploymentPostprocessing = 0;
		};
/* End PBXFrameworksBuildPhase section */

/* Begin PBXGroup section */
		1FF4606E29C8E8720026F680 = {
			isa = PBXGroup;
			children = (
				1FF4607929C8E8720026F680 /* petJournal */,
				C97A74DA29F97EEE001CD67E /* petJournal_Tests */,
				1FF4607829C8E8720026F680 /* Products */,
			);
			sourceTree = "<group>";
		};
		1FF4607829C8E8720026F680 /* Products */ = {
			isa = PBXGroup;
			children = (
				1FF4607729C8E8720026F680 /* petJournal.app */,
				C97A74D929F97EEE001CD67E /* petJournal_Tests.xctest */,
			);
			name = Products;
			sourceTree = "<group>";
		};
		1FF4607929C8E8720026F680 /* petJournal */ = {
			isa = PBXGroup;
			children = (
				1FF4609129C8EA0C0026F680 /* Resources */,
				1FF4609029C8EA020026F680 /* Sources */,
				1FF4608F29C8E9E30026F680 /* Commons */,
				1FF4608E29C8E9CF0026F680 /* Features */,
			);
			path = petJournal;
			sourceTree = "<group>";
		};
		1FF4608E29C8E9CF0026F680 /* Features */ = {
			isa = PBXGroup;
			children = (
				C910E2B82AC78E1E00DD3C23 /* Model */,
				C94A23F829CE231C00C71D01 /* Auth */,
				C94A23F629CE22CA00C71D01 /* UnAuthentication */,
			);
			path = Features;
			sourceTree = "<group>";
		};
		1FF4608F29C8E9E30026F680 /* Commons */ = {
			isa = PBXGroup;
			children = (
				C9F5F4A22A41FF65002C21F7 /* CustomView */,
				C91D4A5029FABC360005B73B /* Protocols */,
				C9B9FD9329EDE25B00C7C52B /* Utils */,
				C9E5017329E76FDA0014F9C4 /* UIComponent */,
				C9FD536629E4B294003033FB /* Enums */,
				C9BAE60B29DE296100542620 /* Extensions */,
			);
			path = Commons;
			sourceTree = "<group>";
		};
		1FF4609029C8EA020026F680 /* Sources */ = {
			isa = PBXGroup;
			children = (
				C9D845072A22490A0007A316 /* Session */,
				1FF4607A29C8E8720026F680 /* AppDelegate.swift */,
				1FF4607C29C8E8720026F680 /* SceneDelegate.swift */,
				C9D8450E2A224AC10007A316 /* MainActor.swift */,
			);
			path = Sources;
			sourceTree = "<group>";
		};
		1FF4609129C8EA0C0026F680 /* Resources */ = {
			isa = PBXGroup;
			children = (
				C96BFB2B29E1D129003D3827 /* Font */,
				1FF4608329C8E8740026F680 /* Assets.xcassets */,
				1FF4608529C8E8740026F680 /* LaunchScreen.storyboard */,
				1FF4608829C8E8740026F680 /* Info.plist */,
			);
			name = Resources;
			sourceTree = "<group>";
		};
		C9029C372B1E67430069AE5D /* Agenda */ = {
			isa = PBXGroup;
			children = (
				C9029C3E2B1E69420069AE5D /* ScheduleView.swift */,
			);
			path = Agenda;
			sourceTree = "<group>";
		};
		C9029C382B1E67680069AE5D /* Localizar Serviços */ = {
			isa = PBXGroup;
			children = (
				C9029C3C2B1E691A0069AE5D /* FindServicesView.swift */,
			);
			name = "Localizar Serviços";
			path = "Localizar Serviços";
			sourceTree = "<group>";
		};
		C9029C392B1E67930069AE5D /* Registrar Vacina */ = {
			isa = PBXGroup;
			children = (
				C9029C402B1E69800069AE5D /* VaccineLogView.swift */,
			);
			path = "Registrar Vacina";
			sourceTree = "<group>";
		};
		C9029C3A2B1E67A10069AE5D /* Registrar Vermífugo */ = {
			isa = PBXGroup;
			children = (
				C9029C422B1E69AA0069AE5D /* ParasiteControlView.swift */,
			);
			name = "Registrar Vermífugo";
			path = "Registrar Vermífugo";
			sourceTree = "<group>";
		};
		C910E2B82AC78E1E00DD3C23 /* Model */ = {
			isa = PBXGroup;
			children = (
				C9A324902A2FE7D5008FE6F4 /* LoginResponse.swift */,
			);
			path = Model;
			sourceTree = "<group>";
		};
		C910E2B92AC78EE200DD3C23 /* URLManager */ = {
			isa = PBXGroup;
			children = (
				C910E2BA2AC78F0800DD3C23 /* URLManager.swift */,
			);
			path = URLManager;
			sourceTree = "<group>";
		};
		C91D4A5029FABC360005B73B /* Protocols */ = {
			isa = PBXGroup;
			children = (
			);
			path = Protocols;
			sourceTree = "<group>";
		};
		C930B5BF2A3A87AE0008F502 /* Flow */ = {
			isa = PBXGroup;
			children = (
				C930B5D12A3A8AF70008F502 /* EditPassword */,
				C930B5C92A3A89E30008F502 /* WaitingCode */,
				C930B5C02A3A87C00008F502 /* InputEmail */,
			);
			path = Flow;
			sourceTree = "<group>";
		};
		C930B5C02A3A87C00008F502 /* InputEmail */ = {
			isa = PBXGroup;
			children = (
				C930B5C12A3A87E20008F502 /* InputEmailView.swift */,
				C930B5C52A3A883D0008F502 /* ForgotPasswordService.swift */,
				C930B5C72A3A88CF0008F502 /* ReceiveInputViewModel.swift */,
			);
			path = InputEmail;
			sourceTree = "<group>";
		};
		C930B5C92A3A89E30008F502 /* WaitingCode */ = {
			isa = PBXGroup;
			children = (
				C930B5CC2A3A8A010008F502 /* Subviews */,
				C930B5CA2A3A89FD0008F502 /* WaitingCodeView.swift */,
				C930B5CF2A3A8AA60008F502 /* WaitingViewModel.swift */,
			);
			path = WaitingCode;
			sourceTree = "<group>";
		};
		C930B5CC2A3A8A010008F502 /* Subviews */ = {
			isa = PBXGroup;
			children = (
				C930B5CD2A3A8A280008F502 /* CodeInput.swift */,
			);
			path = Subviews;
			sourceTree = "<group>";
		};
		C930B5D12A3A8AF70008F502 /* EditPassword */ = {
			isa = PBXGroup;
			children = (
				C930B5D22A3A8B240008F502 /* EditPasswordViewModel.swift */,
				C930B5D42A3A8B320008F502 /* EditPasswordView.swift */,
			);
			path = EditPassword;
			sourceTree = "<group>";
		};
		C930B5D62A3A8E4E0008F502 /* SubViews */ = {
			isa = PBXGroup;
			children = (
				C930B5D72A3A8E5E0008F502 /* ComponentCreateAccount.swift */,
				C930B5D92A3A8E820008F502 /* CompRememberAndForgotPassword.swift */,
			);
			path = SubViews;
			sourceTree = "<group>";
		};
		C93943EF2A9C0DB30085E623 /* Validations */ = {
			isa = PBXGroup;
			children = (
				C9B9FD9429EDE27900C7C52B /* Validations.swift */,
				C93943F02A9C0DD00085E623 /* ValidationsModel.swift */,
			);
			path = Validations;
			sourceTree = "<group>";
		};
		C94A23F629CE22CA00C71D01 /* UnAuthentication */ = {
			isa = PBXGroup;
			children = (
				C94A23FB29CE238400C71D01 /* ForgotPassword */,
				C94A23FA29CE237B00C71D01 /* CreateAccount */,
				C94A23F929CE236C00C71D01 /* AccessAccount */,
			);
			path = UnAuthentication;
			sourceTree = "<group>";
		};
		C94A23F729CE230A00C71D01 /* Models */ = {
			isa = PBXGroup;
			children = (
				1FB7998329F1C8CC00673233 /* UserPJModel.swift */,
			);
			path = Models;
			sourceTree = "<group>";
		};
		C94A23F829CE231C00C71D01 /* Auth */ = {
			isa = PBXGroup;
			children = (
				C9F5F4A52A420079002C21F7 /* Scenes */,
				C9F5F49D2A41FEE6002C21F7 /* TabBar */,
			);
			path = Auth;
			sourceTree = "<group>";
		};
		C94A23F929CE236C00C71D01 /* AccessAccount */ = {
			isa = PBXGroup;
			children = (
				C930B5D62A3A8E4E0008F502 /* SubViews */,
				C946F54829EF4CCE00045097 /* AccessAccountService.swift */,
				C94A240129CE45B400C71D01 /* AccessAccountViewModel.swift */,
				C9F9D82C2A14230600DD72F1 /* AccessAccountView.swift */,
			);
			path = AccessAccount;
			sourceTree = "<group>";
		};
		C94A23FA29CE237B00C71D01 /* CreateAccount */ = {
			isa = PBXGroup;
			children = (
				C94C42002A213D2A00A949F4 /* Subviews */,
				C94A23F729CE230A00C71D01 /* Models */,
				1F656E212A1410AE004D4D99 /* CreateAccountView.swift */,
				1FED054929E7329E005411D1 /* CreateAccountViewModel.swift */,
				1F8298302A18151500595FB7 /* CreateAccountService.swift */,
			);
			path = CreateAccount;
			sourceTree = "<group>";
		};
		C94A23FB29CE238400C71D01 /* ForgotPassword */ = {
			isa = PBXGroup;
			children = (
				C930B5BF2A3A87AE0008F502 /* Flow */,
			);
			path = ForgotPassword;
			sourceTree = "<group>";
		};
		C94A23FC29CE239300C71D01 /* Home */ = {
			isa = PBXGroup;
			children = (
				C9F5F4A82A42044F002C21F7 /* View */,
				C9F5F4A72A420449002C21F7 /* Subviews */,
				C9F5F4A62A420445002C21F7 /* Model */,
			);
			path = Home;
			sourceTree = "<group>";
		};
		C94C42002A213D2A00A949F4 /* Subviews */ = {
			isa = PBXGroup;
			children = (
				C9E3E4832A203A8100A83321 /* ComponentPrivacy.swift */,
				C94C42012A21543B00A949F4 /* WebView.swift */,
			);
			path = Subviews;
			sourceTree = "<group>";
		};
		C96853C22AC397B60020AD1F /* Progress */ = {
			isa = PBXGroup;
			children = (
				C96853C32AC397D00020AD1F /* LoagingView.swift */,
			);
			path = Progress;
			sourceTree = "<group>";
		};
		C96BFB2B29E1D129003D3827 /* Font */ = {
			isa = PBXGroup;
			children = (
				C96BFB3729E1D713003D3827 /* Fredoka-Bold.ttf */,
				C96BFB3829E1D713003D3827 /* Fredoka-Light.ttf */,
				C96BFB3929E1D713003D3827 /* Fredoka-Medium.ttf */,
				C96BFB3629E1D713003D3827 /* Fredoka-Regular.ttf */,
				C96BFB3A29E1D714003D3827 /* Fredoka-SemiBold.ttf */,
			);
			name = Font;
			sourceTree = "<group>";
		};
		C97A74DA29F97EEE001CD67E /* petJournal_Tests */ = {
			isa = PBXGroup;
			children = (
				C9B1C8A329F9F72B002C7B00 /* Validations */,
				C97A74E729F9827A001CD67E /* ViewModel */,
				C97A74E229F98063001CD67E /* Mock_Test */,
			);
			path = petJournal_Tests;
			sourceTree = "<group>";
		};
		C97A74E229F98063001CD67E /* Mock_Test */ = {
			isa = PBXGroup;
			children = (
				C97A74E529F9810D001CD67E /* AuthMock.swift */,
				C9A3248D2A2FE6F3008FE6F4 /* SpyRegisterService.swift */,
			);
			path = Mock_Test;
			sourceTree = "<group>";
		};
		C97A74E729F9827A001CD67E /* ViewModel */ = {
			isa = PBXGroup;
			children = (
				C9A324942A2FE984008FE6F4 /* CreateAccountViewModel_Test.swift */,
			);
			path = ViewModel;
			sourceTree = "<group>";
		};
		C9A3248F2A2FE795008FE6F4 /* Error */ = {
			isa = PBXGroup;
			children = (
				C9B1C8A729F9FDC0002C7B00 /* AuthenticationError.swift */,
				C9A324922A2FE7F9008FE6F4 /* RegisterError.swift */,
				C904B18B2A40CFBB005ED7E7 /* ForgotError.swift */,
			);
			path = Error;
			sourceTree = "<group>";
		};
		C9B1C8A329F9F72B002C7B00 /* Validations */ = {
			isa = PBXGroup;
			children = (
				C9B1C8A429F9F761002C7B00 /* Validation_Test.swift */,
			);
			path = Validations;
			sourceTree = "<group>";
		};
		C9B1C8A629F9FD01002C7B00 /* States */ = {
			isa = PBXGroup;
			children = (
				C9C094882AC11915006FB438 /* AuthenticationStatus.swift */,
				C9A324892A2FB25A008FE6F4 /* RegisterState.swift */,
				C904B18D2A40CFD2005ED7E7 /* ForgotState.swift */,
			);
			path = States;
			sourceTree = "<group>";
		};
		C9B9FD9329EDE25B00C7C52B /* Utils */ = {
			isa = PBXGroup;
			children = (
				C910E2B92AC78EE200DD3C23 /* URLManager */,
				C93943EF2A9C0DB30085E623 /* Validations */,
				C9D4E1E62A2932740030164A /* UserDefaultsUtils.swift */,
				C93943F22A9C0E040085E623 /* UIKitCustom.swift */,
			);
			path = Utils;
			sourceTree = "<group>";
		};
		C9BAE60B29DE296100542620 /* Extensions */ = {
			isa = PBXGroup;
			children = (
				C9BAE60C29DE298900542620 /* Extension+Color.swift */,
				C9FD536729E4B2D9003033FB /* Extension+UIFont.swift */,
				C9E5017829E7756F0014F9C4 /* Extension+UIView.swift */,
				C93943F62A9C0EDD0085E623 /* Extension+Alert.swift */,
				C93943F82A9C0F140085E623 /* Extension+UIColor.swift */,
				6196CDB42AE2F47A0021DA5F /* Extension+Font.swift */,
			);
			path = Extensions;
			sourceTree = "<group>";
		};
		C9D845072A22490A0007A316 /* Session */ = {
			isa = PBXGroup;
			children = (
				C9D845082A22491F0007A316 /* UserSession.swift */,
				C9D8450A2A22494C0007A316 /* SessionManager.swift */,
				C9D8450C2A2249650007A316 /* SessionModel.swift */,
			);
			path = Session;
			sourceTree = "<group>";
		};
		C9D95F6D2A37A6CE001C271F /* Alert */ = {
			isa = PBXGroup;
			children = (
				C9D95F6E2A37A6E6001C271F /* CustomAlert.swift */,
			);
			path = Alert;
			sourceTree = "<group>";
		};
		C9D95F702A37A9F4001C271F /* ViewRepresentable */ = {
			isa = PBXGroup;
			children = (
				C9D95F712A37AA0D001C271F /* BlurView.swift */,
			);
			path = ViewRepresentable;
			sourceTree = "<group>";
		};
		C9E5017229E72F5E0014F9C4 /* Fonts */ = {
			isa = PBXGroup;
			children = (
				C9FD536C29E4B3CB003033FB /* FontType.swift */,
				C9E5017029E72D7D0014F9C4 /* FontFamily.swift */,
			);
			path = Fonts;
			sourceTree = "<group>";
		};
		C9E5017329E76FDA0014F9C4 /* UIComponent */ = {
			isa = PBXGroup;
			children = (
				C96853C22AC397B60020AD1F /* Progress */,
				C9D95F702A37A9F4001C271F /* ViewRepresentable */,
				C9D95F6D2A37A6CE001C271F /* Alert */,
				C9F9D82F2A14232300DD72F1 /* Button */,
				C9F9D82E2A14231300DD72F1 /* TextField */,
			);
			path = UIComponent;
			sourceTree = "<group>";
		};
		C9F5F49D2A41FEE6002C21F7 /* TabBar */ = {
			isa = PBXGroup;
			children = (
				C9F5F49E2A41FEF8002C21F7 /* TabBarView.swift */,
				C9F5F4A02A41FF0F002C21F7 /* TabBarViewModel.swift */,
			);
			path = TabBar;
			sourceTree = "<group>";
		};
		C9F5F4A22A41FF65002C21F7 /* CustomView */ = {
			isa = PBXGroup;
			children = (
				C9F5F4A32A41FF88002C21F7 /* TabBarModifier.swift */,
				C96853C02AC397560020AD1F /* CustomGlassView.swift */,
			);
			path = CustomView;
			sourceTree = "<group>";
		};
		C9F5F4A52A420079002C21F7 /* Scenes */ = {
			isa = PBXGroup;
			children = (
				C9029C3A2B1E67A10069AE5D /* Registrar Vermífugo */,
				C9029C392B1E67930069AE5D /* Registrar Vacina */,
				C9029C382B1E67680069AE5D /* Localizar Serviços */,
				C9029C372B1E67430069AE5D /* Agenda */,
				C94A23FC29CE239300C71D01 /* Home */,
			);
			path = Scenes;
			sourceTree = "<group>";
		};
		C9F5F4A62A420445002C21F7 /* Model */ = {
			isa = PBXGroup;
			children = (
				C9BF339D2AFE728C009C0F36 /* HomeViewModel.swift */,
				C9F5F4A92A42046E002C21F7 /* HomeModel.swift */,
				C9F5F4AB2A42049F002C21F7 /* ServicesModel.swift */,
			);
			path = Model;
			sourceTree = "<group>";
		};
		C9F5F4A72A420449002C21F7 /* Subviews */ = {
			isa = PBXGroup;
			children = (
				C9F5F4AF2A4204EB002C21F7 /* BannerView.swift */,
				C9F5F4B12A420502002C21F7 /* FeatureTabView.swift */,
				C9F5F4B32A420517002C21F7 /* ServiceItemView.swift */,
			);
			path = Subviews;
			sourceTree = "<group>";
		};
		C9F5F4A82A42044F002C21F7 /* View */ = {
			isa = PBXGroup;
			children = (
				C9F5F4B72A420553002C21F7 /* SideMenuView.swift */,
				C9F5F4B92A420562002C21F7 /* HomePageView.swift */,
				C9BF339F2AFEE570009C0F36 /* SideViewContent.swift */,
			);
			path = View;
			sourceTree = "<group>";
		};
		C9F9D82E2A14231300DD72F1 /* TextField */ = {
			isa = PBXGroup;
			children = (
				C93943F42A9C0E6C0085E623 /* PJTextFieldView.swift */,
			);
			path = TextField;
			sourceTree = "<group>";
		};
		C9F9D82F2A14232300DD72F1 /* Button */ = {
			isa = PBXGroup;
			children = (
				C9F9D8362A1424E700DD72F1 /* PJButton.swift */,
				C9F9D8382A14251500DD72F1 /* CustomButtonStyle.swift */,
			);
			path = Button;
			sourceTree = "<group>";
		};
		C9FD536629E4B294003033FB /* Enums */ = {
			isa = PBXGroup;
			children = (
				C9A3248F2A2FE795008FE6F4 /* Error */,
				C9B1C8A629F9FD01002C7B00 /* States */,
				C9E5017229E72F5E0014F9C4 /* Fonts */,
			);
			path = Enums;
			sourceTree = "<group>";
		};
/* End PBXGroup section */

/* Begin PBXNativeTarget section */
		1FF4607629C8E8720026F680 /* petJournal */ = {
			isa = PBXNativeTarget;
			buildConfigurationList = 1FF4608B29C8E8740026F680 /* Build configuration list for PBXNativeTarget "petJournal" */;
			buildPhases = (
				1FF4607329C8E8720026F680 /* Sources */,
				1FF4607429C8E8720026F680 /* Frameworks */,
				1FF4607529C8E8720026F680 /* Resources */,
			);
			buildRules = (
			);
			dependencies = (
			);
			name = petJournal;
			productName = petJournal;
			productReference = 1FF4607729C8E8720026F680 /* petJournal.app */;
			productType = "com.apple.product-type.application";
		};
		C97A74D829F97EEE001CD67E /* petJournal_Tests */ = {
			isa = PBXNativeTarget;
			buildConfigurationList = C97A74DF29F97EEF001CD67E /* Build configuration list for PBXNativeTarget "petJournal_Tests" */;
			buildPhases = (
				C97A74D529F97EEE001CD67E /* Sources */,
				C97A74D629F97EEE001CD67E /* Frameworks */,
				C97A74D729F97EEE001CD67E /* Resources */,
			);
			buildRules = (
			);
			dependencies = (
				C97A74DE29F97EEF001CD67E /* PBXTargetDependency */,
			);
			name = petJournal_Tests;
			productName = petJournal_Tests;
			productReference = C97A74D929F97EEE001CD67E /* petJournal_Tests.xctest */;
			productType = "com.apple.product-type.bundle.unit-test";
		};
/* End PBXNativeTarget section */

/* Begin PBXProject section */
		1FF4606F29C8E8720026F680 /* Project object */ = {
			isa = PBXProject;
			attributes = {
				BuildIndependentTargetsInParallel = 1;
				LastSwiftUpdateCheck = 1420;
				LastUpgradeCheck = 1420;
				TargetAttributes = {
					1FF4607629C8E8720026F680 = {
						CreatedOnToolsVersion = 14.2;
					};
					C97A74D829F97EEE001CD67E = {
						CreatedOnToolsVersion = 14.2;
						TestTargetID = 1FF4607629C8E8720026F680;
					};
				};
			};
			buildConfigurationList = 1FF4607229C8E8720026F680 /* Build configuration list for PBXProject "petJournal" */;
			compatibilityVersion = "Xcode 14.0";
			developmentRegion = en;
			hasScannedForEncodings = 0;
			knownRegions = (
				en,
				Base,
			);
			mainGroup = 1FF4606E29C8E8720026F680;
			productRefGroup = 1FF4607829C8E8720026F680 /* Products */;
			projectDirPath = "";
			projectRoot = "";
			targets = (
				1FF4607629C8E8720026F680 /* petJournal */,
				C97A74D829F97EEE001CD67E /* petJournal_Tests */,
			);
		};
/* End PBXProject section */

/* Begin PBXResourcesBuildPhase section */
		1FF4607529C8E8720026F680 /* Resources */ = {
			isa = PBXResourcesBuildPhase;
			buildActionMask = 2147483647;
			files = (
				C96BFB3F29E1D714003D3827 /* Fredoka-SemiBold.ttf in Resources */,
				C96BFB3E29E1D714003D3827 /* Fredoka-Medium.ttf in Resources */,
				1FF4608729C8E8740026F680 /* LaunchScreen.storyboard in Resources */,
				1FF4608429C8E8740026F680 /* Assets.xcassets in Resources */,
				C96BFB3C29E1D714003D3827 /* Fredoka-Bold.ttf in Resources */,
				C96BFB3B29E1D714003D3827 /* Fredoka-Regular.ttf in Resources */,
				C96BFB3D29E1D714003D3827 /* Fredoka-Light.ttf in Resources */,
			);
			runOnlyForDeploymentPostprocessing = 0;
		};
		C97A74D729F97EEE001CD67E /* Resources */ = {
			isa = PBXResourcesBuildPhase;
			buildActionMask = 2147483647;
			files = (
			);
			runOnlyForDeploymentPostprocessing = 0;
		};
/* End PBXResourcesBuildPhase section */

/* Begin PBXSourcesBuildPhase section */
		1FF4607329C8E8720026F680 /* Sources */ = {
			isa = PBXSourcesBuildPhase;
			buildActionMask = 2147483647;
			files = (
				1FB7998429F1C8CC00673233 /* UserPJModel.swift in Sources */,
				C910E2BB2AC78F0800DD3C23 /* URLManager.swift in Sources */,
				C9F5F4B02A4204EB002C21F7 /* BannerView.swift in Sources */,
				C9BF339E2AFE728C009C0F36 /* HomeViewModel.swift in Sources */,
				C930B5C22A3A87E20008F502 /* InputEmailView.swift in Sources */,
				C946F54929EF4CCE00045097 /* AccessAccountService.swift in Sources */,
				C9A324932A2FE7F9008FE6F4 /* RegisterError.swift in Sources */,
				C9FD536829E4B2D9003033FB /* Extension+UIFont.swift in Sources */,
				C9029C412B1E69800069AE5D /* VaccineLogView.swift in Sources */,
				C9D95F722A37AA0D001C271F /* BlurView.swift in Sources */,
				C9029C3D2B1E691A0069AE5D /* FindServicesView.swift in Sources */,
				C904B18C2A40CFBB005ED7E7 /* ForgotError.swift in Sources */,
				C9BF33A02AFEE570009C0F36 /* SideViewContent.swift in Sources */,
				C9B1C8A829F9FDC0002C7B00 /* AuthenticationError.swift in Sources */,
				C9E3E4842A203A8100A83321 /* ComponentPrivacy.swift in Sources */,
				C9D8450F2A224AC10007A316 /* MainActor.swift in Sources */,
				C9D8450B2A22494C0007A316 /* SessionManager.swift in Sources */,
				C96853C12AC397560020AD1F /* CustomGlassView.swift in Sources */,
				C93943F12A9C0DD00085E623 /* ValidationsModel.swift in Sources */,
				C930B5CE2A3A8A280008F502 /* CodeInput.swift in Sources */,
				C930B5C62A3A883D0008F502 /* ForgotPasswordService.swift in Sources */,
				C930B5D82A3A8E5E0008F502 /* ComponentCreateAccount.swift in Sources */,
				1FED054A29E7329E005411D1 /* CreateAccountViewModel.swift in Sources */,
				C930B5D52A3A8B320008F502 /* EditPasswordView.swift in Sources */,
				C9F5F4A12A41FF0F002C21F7 /* TabBarViewModel.swift in Sources */,
				C9D845092A22491F0007A316 /* UserSession.swift in Sources */,
				C9F9D8372A1424E700DD72F1 /* PJButton.swift in Sources */,
				1F8298312A18151500595FB7 /* CreateAccountService.swift in Sources */,
				C930B5CB2A3A89FD0008F502 /* WaitingCodeView.swift in Sources */,
				C96853C42AC397D00020AD1F /* LoagingView.swift in Sources */,
				C930B5DA2A3A8E820008F502 /* CompRememberAndForgotPassword.swift in Sources */,
				C9C094892AC11915006FB438 /* AuthenticationStatus.swift in Sources */,
				C9A324912A2FE7D5008FE6F4 /* LoginResponse.swift in Sources */,
				C9F5F4B42A420517002C21F7 /* ServiceItemView.swift in Sources */,
				C9F5F4AA2A42046E002C21F7 /* HomeModel.swift in Sources */,
				C930B5D32A3A8B240008F502 /* EditPasswordViewModel.swift in Sources */,
				C93943F92A9C0F140085E623 /* Extension+UIColor.swift in Sources */,
				C94C42022A21543B00A949F4 /* WebView.swift in Sources */,
				C9B9FD9529EDE27900C7C52B /* Validations.swift in Sources */,
				C93943F72A9C0EDD0085E623 /* Extension+Alert.swift in Sources */,
				C9F9D8392A14251500DD72F1 /* CustomButtonStyle.swift in Sources */,
				C9FD536D29E4B3CB003033FB /* FontType.swift in Sources */,
				C9F5F4BA2A420562002C21F7 /* HomePageView.swift in Sources */,
				C904B18E2A40CFD2005ED7E7 /* ForgotState.swift in Sources */,
				1FF4607B29C8E8720026F680 /* AppDelegate.swift in Sources */,
				C930B5D02A3A8AA60008F502 /* WaitingViewModel.swift in Sources */,
				C9F5F4AC2A42049F002C21F7 /* ServicesModel.swift in Sources */,
				C9A3248A2A2FB25A008FE6F4 /* RegisterState.swift in Sources */,
				C9F5F49F2A41FEF8002C21F7 /* TabBarView.swift in Sources */,
				C9F5F4A42A41FF88002C21F7 /* TabBarModifier.swift in Sources */,
				C9F5F4B82A420553002C21F7 /* SideMenuView.swift in Sources */,
				C9F9D82D2A14230600DD72F1 /* AccessAccountView.swift in Sources */,
				C9D4E1E72A2932740030164A /* UserDefaultsUtils.swift in Sources */,
				C9029C432B1E69AA0069AE5D /* ParasiteControlView.swift in Sources */,
				C9E5017129E72D7D0014F9C4 /* FontFamily.swift in Sources */,
				C9029C3F2B1E69420069AE5D /* ScheduleView.swift in Sources */,
				C930B5C82A3A88CF0008F502 /* ReceiveInputViewModel.swift in Sources */,
				1FF4607D29C8E8720026F680 /* SceneDelegate.swift in Sources */,
				C93943F52A9C0E6C0085E623 /* PJTextFieldView.swift in Sources */,
				1F656E222A1410AE004D4D99 /* CreateAccountView.swift in Sources */,
				C94A240229CE45B400C71D01 /* AccessAccountViewModel.swift in Sources */,
				C93943F32A9C0E040085E623 /* UIKitCustom.swift in Sources */,
				C9F5F4B22A420502002C21F7 /* FeatureTabView.swift in Sources */,
				C9BAE60D29DE298900542620 /* Extension+Color.swift in Sources */,
				C9D8450D2A2249650007A316 /* SessionModel.swift in Sources */,
				6196CDB52AE2F47A0021DA5F /* Extension+Font.swift in Sources */,
				C9E5017929E7756F0014F9C4 /* Extension+UIView.swift in Sources */,
				C9D95F6F2A37A6E6001C271F /* CustomAlert.swift in Sources */,
			);
			runOnlyForDeploymentPostprocessing = 0;
		};
		C97A74D529F97EEE001CD67E /* Sources */ = {
			isa = PBXSourcesBuildPhase;
			buildActionMask = 2147483647;
			files = (
				C9A3248E2A2FE6F3008FE6F4 /* SpyRegisterService.swift in Sources */,
				C9A324952A2FE984008FE6F4 /* CreateAccountViewModel_Test.swift in Sources */,
				C9B1C8A529F9F762002C7B00 /* Validation_Test.swift in Sources */,
				C97A74E629F9810D001CD67E /* AuthMock.swift in Sources */,
			);
			runOnlyForDeploymentPostprocessing = 0;
		};
/* End PBXSourcesBuildPhase section */

/* Begin PBXTargetDependency section */
		C97A74DE29F97EEF001CD67E /* PBXTargetDependency */ = {
			isa = PBXTargetDependency;
			target = 1FF4607629C8E8720026F680 /* petJournal */;
			targetProxy = C97A74DD29F97EEF001CD67E /* PBXContainerItemProxy */;
		};
/* End PBXTargetDependency section */

/* Begin PBXVariantGroup section */
		1FF4608529C8E8740026F680 /* LaunchScreen.storyboard */ = {
			isa = PBXVariantGroup;
			children = (
				1FF4608629C8E8740026F680 /* Base */,
			);
			name = LaunchScreen.storyboard;
			sourceTree = "<group>";
		};
/* End PBXVariantGroup section */

/* Begin XCBuildConfiguration section */
		1FF4608929C8E8740026F680 /* Debug */ = {
			isa = XCBuildConfiguration;
			buildSettings = {
				ALWAYS_SEARCH_USER_PATHS = NO;
				CLANG_ANALYZER_NONNULL = YES;
				CLANG_ANALYZER_NUMBER_OBJECT_CONVERSION = YES_AGGRESSIVE;
				CLANG_CXX_LANGUAGE_STANDARD = "gnu++20";
				CLANG_ENABLE_MODULES = YES;
				CLANG_ENABLE_OBJC_ARC = YES;
				CLANG_ENABLE_OBJC_WEAK = YES;
				CLANG_WARN_BLOCK_CAPTURE_AUTORELEASING = YES;
				CLANG_WARN_BOOL_CONVERSION = YES;
				CLANG_WARN_COMMA = YES;
				CLANG_WARN_CONSTANT_CONVERSION = YES;
				CLANG_WARN_DEPRECATED_OBJC_IMPLEMENTATIONS = YES;
				CLANG_WARN_DIRECT_OBJC_ISA_USAGE = YES_ERROR;
				CLANG_WARN_DOCUMENTATION_COMMENTS = YES;
				CLANG_WARN_EMPTY_BODY = YES;
				CLANG_WARN_ENUM_CONVERSION = YES;
				CLANG_WARN_INFINITE_RECURSION = YES;
				CLANG_WARN_INT_CONVERSION = YES;
				CLANG_WARN_NON_LITERAL_NULL_CONVERSION = YES;
				CLANG_WARN_OBJC_IMPLICIT_RETAIN_SELF = YES;
				CLANG_WARN_OBJC_LITERAL_CONVERSION = YES;
				CLANG_WARN_OBJC_ROOT_CLASS = YES_ERROR;
				CLANG_WARN_QUOTED_INCLUDE_IN_FRAMEWORK_HEADER = YES;
				CLANG_WARN_RANGE_LOOP_ANALYSIS = YES;
				CLANG_WARN_STRICT_PROTOTYPES = YES;
				CLANG_WARN_SUSPICIOUS_MOVE = YES;
				CLANG_WARN_UNGUARDED_AVAILABILITY = YES_AGGRESSIVE;
				CLANG_WARN_UNREACHABLE_CODE = YES;
				CLANG_WARN__DUPLICATE_METHOD_MATCH = YES;
				COPY_PHASE_STRIP = NO;
				DEBUG_INFORMATION_FORMAT = dwarf;
				ENABLE_STRICT_OBJC_MSGSEND = YES;
				ENABLE_TESTABILITY = YES;
				GCC_C_LANGUAGE_STANDARD = gnu11;
				GCC_DYNAMIC_NO_PIC = NO;
				GCC_NO_COMMON_BLOCKS = YES;
				GCC_OPTIMIZATION_LEVEL = 0;
				GCC_PREPROCESSOR_DEFINITIONS = (
					"DEBUG=1",
					"$(inherited)",
				);
				GCC_WARN_64_TO_32_BIT_CONVERSION = YES;
				GCC_WARN_ABOUT_RETURN_TYPE = YES_ERROR;
				GCC_WARN_UNDECLARED_SELECTOR = YES;
				GCC_WARN_UNINITIALIZED_AUTOS = YES_AGGRESSIVE;
				GCC_WARN_UNUSED_FUNCTION = YES;
				GCC_WARN_UNUSED_VARIABLE = YES;
				IPHONEOS_DEPLOYMENT_TARGET = 15.0;
				MTL_ENABLE_DEBUG_INFO = INCLUDE_SOURCE;
				MTL_FAST_MATH = YES;
				ONLY_ACTIVE_ARCH = YES;
				SDKROOT = iphoneos;
				SWIFT_ACTIVE_COMPILATION_CONDITIONS = DEBUG;
				SWIFT_OPTIMIZATION_LEVEL = "-Onone";
			};
			name = Debug;
		};
		1FF4608A29C8E8740026F680 /* Release */ = {
			isa = XCBuildConfiguration;
			buildSettings = {
				ALWAYS_SEARCH_USER_PATHS = NO;
				CLANG_ANALYZER_NONNULL = YES;
				CLANG_ANALYZER_NUMBER_OBJECT_CONVERSION = YES_AGGRESSIVE;
				CLANG_CXX_LANGUAGE_STANDARD = "gnu++20";
				CLANG_ENABLE_MODULES = YES;
				CLANG_ENABLE_OBJC_ARC = YES;
				CLANG_ENABLE_OBJC_WEAK = YES;
				CLANG_WARN_BLOCK_CAPTURE_AUTORELEASING = YES;
				CLANG_WARN_BOOL_CONVERSION = YES;
				CLANG_WARN_COMMA = YES;
				CLANG_WARN_CONSTANT_CONVERSION = YES;
				CLANG_WARN_DEPRECATED_OBJC_IMPLEMENTATIONS = YES;
				CLANG_WARN_DIRECT_OBJC_ISA_USAGE = YES_ERROR;
				CLANG_WARN_DOCUMENTATION_COMMENTS = YES;
				CLANG_WARN_EMPTY_BODY = YES;
				CLANG_WARN_ENUM_CONVERSION = YES;
				CLANG_WARN_INFINITE_RECURSION = YES;
				CLANG_WARN_INT_CONVERSION = YES;
				CLANG_WARN_NON_LITERAL_NULL_CONVERSION = YES;
				CLANG_WARN_OBJC_IMPLICIT_RETAIN_SELF = YES;
				CLANG_WARN_OBJC_LITERAL_CONVERSION = YES;
				CLANG_WARN_OBJC_ROOT_CLASS = YES_ERROR;
				CLANG_WARN_QUOTED_INCLUDE_IN_FRAMEWORK_HEADER = YES;
				CLANG_WARN_RANGE_LOOP_ANALYSIS = YES;
				CLANG_WARN_STRICT_PROTOTYPES = YES;
				CLANG_WARN_SUSPICIOUS_MOVE = YES;
				CLANG_WARN_UNGUARDED_AVAILABILITY = YES_AGGRESSIVE;
				CLANG_WARN_UNREACHABLE_CODE = YES;
				CLANG_WARN__DUPLICATE_METHOD_MATCH = YES;
				COPY_PHASE_STRIP = NO;
				DEBUG_INFORMATION_FORMAT = "dwarf-with-dsym";
				ENABLE_NS_ASSERTIONS = NO;
				ENABLE_STRICT_OBJC_MSGSEND = YES;
				GCC_C_LANGUAGE_STANDARD = gnu11;
				GCC_NO_COMMON_BLOCKS = YES;
				GCC_WARN_64_TO_32_BIT_CONVERSION = YES;
				GCC_WARN_ABOUT_RETURN_TYPE = YES_ERROR;
				GCC_WARN_UNDECLARED_SELECTOR = YES;
				GCC_WARN_UNINITIALIZED_AUTOS = YES_AGGRESSIVE;
				GCC_WARN_UNUSED_FUNCTION = YES;
				GCC_WARN_UNUSED_VARIABLE = YES;
				IPHONEOS_DEPLOYMENT_TARGET = 15.0;
				MTL_ENABLE_DEBUG_INFO = NO;
				MTL_FAST_MATH = YES;
				SDKROOT = iphoneos;
				SWIFT_COMPILATION_MODE = wholemodule;
				SWIFT_OPTIMIZATION_LEVEL = "-O";
				VALIDATE_PRODUCT = YES;
			};
			name = Release;
		};
		1FF4608C29C8E8740026F680 /* Debug */ = {
			isa = XCBuildConfiguration;
			buildSettings = {
				ASSETCATALOG_COMPILER_APPICON_NAME = AppIcon;
				ASSETCATALOG_COMPILER_GLOBAL_ACCENT_COLOR_NAME = AccentColor;
				CODE_SIGN_STYLE = Automatic;
				CURRENT_PROJECT_VERSION = 1;
				GENERATE_INFOPLIST_FILE = YES;
				INFOPLIST_FILE = petJournal/Info.plist;
				INFOPLIST_KEY_UIApplicationSupportsIndirectInputEvents = YES;
				INFOPLIST_KEY_UILaunchStoryboardName = LaunchScreen.storyboard;
				INFOPLIST_KEY_UIMainStoryboardFile = "";
				INFOPLIST_KEY_UISupportedInterfaceOrientations = UIInterfaceOrientationPortrait;
				IPHONEOS_DEPLOYMENT_TARGET = 15.0;
				LD_RUNPATH_SEARCH_PATHS = (
					"$(inherited)",
					"@executable_path/Frameworks",
				);
				MARKETING_VERSION = 1.0;
				PRODUCT_BUNDLE_IDENTIFIER = petJournal.petJournal;
				PRODUCT_NAME = "$(TARGET_NAME)";
				SUPPORTED_PLATFORMS = "iphoneos iphonesimulator";
				SUPPORTS_MACCATALYST = NO;
				SUPPORTS_MAC_DESIGNED_FOR_IPHONE_IPAD = NO;
				SWIFT_EMIT_LOC_STRINGS = YES;
				SWIFT_VERSION = 5.0;
				TARGETED_DEVICE_FAMILY = "1,2";
			};
			name = Debug;
		};
		1FF4608D29C8E8740026F680 /* Release */ = {
			isa = XCBuildConfiguration;
			buildSettings = {
				ASSETCATALOG_COMPILER_APPICON_NAME = AppIcon;
				ASSETCATALOG_COMPILER_GLOBAL_ACCENT_COLOR_NAME = AccentColor;
				CODE_SIGN_STYLE = Automatic;
				CURRENT_PROJECT_VERSION = 1;
				GENERATE_INFOPLIST_FILE = YES;
				INFOPLIST_FILE = petJournal/Info.plist;
				INFOPLIST_KEY_UIApplicationSupportsIndirectInputEvents = YES;
				INFOPLIST_KEY_UILaunchStoryboardName = LaunchScreen.storyboard;
				INFOPLIST_KEY_UIMainStoryboardFile = "";
				INFOPLIST_KEY_UISupportedInterfaceOrientations = UIInterfaceOrientationPortrait;
				IPHONEOS_DEPLOYMENT_TARGET = 15.0;
				LD_RUNPATH_SEARCH_PATHS = (
					"$(inherited)",
					"@executable_path/Frameworks",
				);
				MARKETING_VERSION = 1.0;
				PRODUCT_BUNDLE_IDENTIFIER = petJournal.petJournal;
				PRODUCT_NAME = "$(TARGET_NAME)";
				SUPPORTED_PLATFORMS = "iphoneos iphonesimulator";
				SUPPORTS_MACCATALYST = NO;
				SUPPORTS_MAC_DESIGNED_FOR_IPHONE_IPAD = NO;
				SWIFT_EMIT_LOC_STRINGS = YES;
				SWIFT_VERSION = 5.0;
				TARGETED_DEVICE_FAMILY = "1,2";
			};
			name = Release;
		};
		C97A74E029F97EEF001CD67E /* Debug */ = {
			isa = XCBuildConfiguration;
			buildSettings = {
				BUNDLE_LOADER = "$(TEST_HOST)";
				CODE_SIGN_STYLE = Automatic;
				CURRENT_PROJECT_VERSION = 1;
				GENERATE_INFOPLIST_FILE = YES;
				MARKETING_VERSION = 1.0;
				PRODUCT_BUNDLE_IDENTIFIER = "com.marcylene.petJournal-Tests";
				PRODUCT_NAME = "$(TARGET_NAME)";
				SUPPORTED_PLATFORMS = "iphoneos iphonesimulator";
				SUPPORTS_MACCATALYST = NO;
				SUPPORTS_MAC_DESIGNED_FOR_IPHONE_IPAD = NO;
				SWIFT_EMIT_LOC_STRINGS = NO;
				SWIFT_VERSION = 5.0;
				TARGETED_DEVICE_FAMILY = "1,2";
				TEST_HOST = "$(BUILT_PRODUCTS_DIR)/petJournal.app/$(BUNDLE_EXECUTABLE_FOLDER_PATH)/petJournal";
			};
			name = Debug;
		};
		C97A74E129F97EEF001CD67E /* Release */ = {
			isa = XCBuildConfiguration;
			buildSettings = {
				BUNDLE_LOADER = "$(TEST_HOST)";
				CODE_SIGN_STYLE = Automatic;
				CURRENT_PROJECT_VERSION = 1;
				GENERATE_INFOPLIST_FILE = YES;
				MARKETING_VERSION = 1.0;
				PRODUCT_BUNDLE_IDENTIFIER = "com.marcylene.petJournal-Tests";
				PRODUCT_NAME = "$(TARGET_NAME)";
				SUPPORTED_PLATFORMS = "iphoneos iphonesimulator";
				SUPPORTS_MACCATALYST = NO;
				SUPPORTS_MAC_DESIGNED_FOR_IPHONE_IPAD = NO;
				SWIFT_EMIT_LOC_STRINGS = NO;
				SWIFT_VERSION = 5.0;
				TARGETED_DEVICE_FAMILY = "1,2";
				TEST_HOST = "$(BUILT_PRODUCTS_DIR)/petJournal.app/$(BUNDLE_EXECUTABLE_FOLDER_PATH)/petJournal";
			};
			name = Release;
		};
/* End XCBuildConfiguration section */

/* Begin XCConfigurationList section */
		1FF4607229C8E8720026F680 /* Build configuration list for PBXProject "petJournal" */ = {
			isa = XCConfigurationList;
			buildConfigurations = (
				1FF4608929C8E8740026F680 /* Debug */,
				1FF4608A29C8E8740026F680 /* Release */,
			);
			defaultConfigurationIsVisible = 0;
			defaultConfigurationName = Release;
		};
		1FF4608B29C8E8740026F680 /* Build configuration list for PBXNativeTarget "petJournal" */ = {
			isa = XCConfigurationList;
			buildConfigurations = (
				1FF4608C29C8E8740026F680 /* Debug */,
				1FF4608D29C8E8740026F680 /* Release */,
			);
			defaultConfigurationIsVisible = 0;
			defaultConfigurationName = Release;
		};
		C97A74DF29F97EEF001CD67E /* Build configuration list for PBXNativeTarget "petJournal_Tests" */ = {
			isa = XCConfigurationList;
			buildConfigurations = (
				C97A74E029F97EEF001CD67E /* Debug */,
				C97A74E129F97EEF001CD67E /* Release */,
			);
			defaultConfigurationIsVisible = 0;
			defaultConfigurationName = Release;
		};
/* End XCConfigurationList section */
	};
	rootObject = 1FF4606F29C8E8720026F680 /* Project object */;
}
